
Microsoft Visual Studio Solution File, Format Version 12.00
# Visual Studio Version 16
VisualStudioVersion = 16.0.33423.256
MinimumVisualStudioVersion = 10.0.40219.1
Project("{8BC9CEB8-8B4A-11D0-8D11-00A0C91BC942}") = "10. Regular Expression Matching", "10. Regular Expression Matching\10. Regular Expression Matching.vcxproj", "{539BC07C-CDD9-40DE-B45B-416BAD44B700}"
EndProject
Project("{8BC9CEB8-8B4A-11D0-8D11-00A0C91BC942}") = "63. Unique Paths II", "63. Unique Paths II\63. Unique Paths II.vcxproj", "{90ED8AF9-A69C-416B-855C-D045CD8C7B16}"
EndProject
Project("{8BC9CEB8-8B4A-11D0-8D11-00A0C91BC942}") = "64. Minimum Path Sum", "64. Minimum Path Sum\64. Minimum Path Sum.vcxproj", "{05E3DED2-254F-4B9D-966A-7CD14189B3CF}"
EndProject
Project("{8BC9CEB8-8B4A-11D0-8D11-00A0C91BC942}") = "72. Edit Distance", "72. Edit Distance\72. Edit Distance.vcxproj", "{8CD712EE-A0F3-4CE7-82FB-E171A8F18E6A}"
EndProject
Project("{8BC9CEB8-8B4A-11D0-8D11-00A0C91BC942}") = "76. Minimum Window Substring", "76. Minimum Window Substring\76. Minimum Window Substring.vcxproj", "{E1B0A412-CA7C-4A2E-B3E5-F58F42AA7AD6}"
EndProject
Project("{8BC9CEB8-8B4A-11D0-8D11-00A0C91BC942}") = "77. Combinations", "77. Combinations\77. Combinations.vcxproj", "{2EF8E2D0-3235-425F-8D5B-0B2E7C59F700}"
EndProject
Project("{8BC9CEB8-8B4A-11D0-8D11-00A0C91BC942}") = "78. Subsets", "78. Subsets\78. Subsets.vcxproj", "{F04ABDBA-CB5C-4C6F-B80B-2B5202B792BD}"
EndProject
Project("{8BC9CEB8-8B4A-11D0-8D11-00A0C91BC942}") = "79. Word Search", "79. Word Search\79. Word Search.vcxproj", "{C1E805E1-744D-4490-8FBE-1C6CE851F601}"
EndProject
Project("{8BC9CEB8-8B4A-11D0-8D11-00A0C91BC942}") = "80. Remove Duplicates from Sorted Array II", "80. Remove Duplicates from Sorted Array II\80. Remove Duplicates from Sorted Array II.vcxproj", "{FD9B4A10-9209-47EB-8A08-DE5B11C9ED6F}"
EndProject
Project("{8BC9CEB8-8B4A-11D0-8D11-00A0C91BC942}") = "81. Search in Rotated Sorted Array II", "81. Search in Rotated Sorted Array II\81. Search in Rotated Sorted Array II.vcxproj", "{32E95B8B-2C04-496E-8095-2A316E217A8E}"
EndProject
Project("{8BC9CEB8-8B4A-11D0-8D11-00A0C91BC942}") = "82. Remove Duplicates from Sorted List II", "82. Remove Duplicates from Sorted List II\82. Remove Duplicates from Sorted List II.vcxproj", "{2C185E78-B4CA-4F14-91E8-9DF30F7A3701}"
EndProject
Project("{8BC9CEB8-8B4A-11D0-8D11-00A0C91BC942}") = "83. Remove Duplicates from Sorted List", "83. Remove Duplicates from Sorted List\83. Remove Duplicates from Sorted List.vcxproj", "{E63C4252-EEDB-435F-8F48-B1F176039D1F}"
EndProject
Project("{8BC9CEB8-8B4A-11D0-8D11-00A0C91BC942}") = "84. Largest Rectangle in Histogram", "84. Largest Rectangle in Histogram\84. Largest Rectangle in Histogram.vcxproj", "{CFBA1F27-1921-428F-B8E9-D521B7FA6664}"
EndProject
Project("{8BC9CEB8-8B4A-11D0-8D11-00A0C91BC942}") = "86. Partition List", "86. Partition List\86. Partition List.vcxproj", "{45676940-BC52-4414-AFBE-A1F5B04CA68E}"
EndProject
Project("{8BC9CEB8-8B4A-11D0-8D11-00A0C91BC942}") = "88. Merge Sorted Array", "88. Merge Sorted Array\88. Merge Sorted Array.vcxproj", "{2D9297EF-E705-4387-8238-7D707359F14B}"
EndProject
Project("{8BC9CEB8-8B4A-11D0-8D11-00A0C91BC942}") = "89. Gray Code", "89. Gray Code\89. Gray Code.vcxproj", "{AF754E29-5992-4A05-AC52-196AD0963710}"
EndProject
Project("{8BC9CEB8-8B4A-11D0-8D11-00A0C91BC942}") = "90. Subsets II", "90. Subsets II\90. Subsets II.vcxproj", "{AFD2063F-FBBD-4BC5-AD25-68E03EDA1923}"
EndProject
Project("{8BC9CEB8-8B4A-11D0-8D11-00A0C91BC942}") = "47. Permutations II", "47. Permutations II\47. Permutations II.vcxproj", "{0BFC9390-9A7B-4861-916C-B0CA22463029}"
EndProject
Project("{8BC9CEB8-8B4A-11D0-8D11-00A0C91BC942}") = "96. Unique Binary Search Trees", "96. Unique Binary Search Trees\96. Unique Binary Search Trees.vcxproj", "{EDEBFB36-841F-41FC-A155-A3CD253126B1}"
EndProject
Project("{8BC9CEB8-8B4A-11D0-8D11-00A0C91BC942}") = "95. Unique Binary Search Trees II", "95. Unique Binary Search Trees II\95. Unique Binary Search Trees II.vcxproj", "{07DF20D0-E12E-4745-B2D7-9F255502380B}"
EndProject
Project("{8BC9CEB8-8B4A-11D0-8D11-00A0C91BC942}") = "1. Two Sum", "1. Two Sum\1. Two Sum.vcxproj", "{70F2DA17-4BE8-480E-B89F-90EE3FAE68EC}"
EndProject
Project("{8BC9CEB8-8B4A-11D0-8D11-00A0C91BC942}") = "2. Add Two Numbers", "2. Add Two Numbers\2. Add Two Numbers.vcxproj", "{8244B206-D948-4F00-8A61-56343D509156}"
EndProject
Project("{8BC9CEB8-8B4A-11D0-8D11-00A0C91BC942}") = "3. Longest Substring Without Repeating Characters", "3. Longest Substring Without Repeating Characters\3. Longest Substring Without Repeating Characters.vcxproj", "{D0500D8F-AB07-4C10-808B-589300CB5D76}"
EndProject
Project("{8BC9CEB8-8B4A-11D0-8D11-00A0C91BC942}") = "4. Median of Two Sorted Arrays", "4. Median of Two Sorted Arrays\4. Median of Two Sorted Arrays.vcxproj", "{0478ED0E-1995-4CFE-A878-727DB6562E14}"
EndProject
Project("{8BC9CEB8-8B4A-11D0-8D11-00A0C91BC942}") = "5. Longest Palindromic Substring", "5. Longest Palindromic Substring\5. Longest Palindromic Substring.vcxproj", "{399F58B6-DAF5-4641-A30D-B0BFD39E0750}"
EndProject
Project("{8BC9CEB8-8B4A-11D0-8D11-00A0C91BC942}") = "6. Zigzag Conversion", "6. Zigzag Conversion\6. Zigzag Conversion.vcxproj", "{EE7FFDE6-93EF-48B2-904D-538EBAD72EFA}"
EndProject
Project("{8BC9CEB8-8B4A-11D0-8D11-00A0C91BC942}") = "7. Reverse Integer", "7. Reverse Integer\7. Reverse Integer.vcxproj", "{688FB3AE-179D-4C53-A1B4-37F10519252A}"
EndProject
Project("{8BC9CEB8-8B4A-11D0-8D11-00A0C91BC942}") = "8. String to Integer (atoi)", "8. String to Integer (atoi)\8. String to Integer (atoi).vcxproj", "{18D71643-CC68-47AF-93EE-1F3C40FCD557}"
EndProject
Project("{8BC9CEB8-8B4A-11D0-8D11-00A0C91BC942}") = "9. Palindrome Number", "9. Palindrome Number\9. Palindrome Number.vcxproj", "{22C66EBC-0701-475D-8A8A-8607CE8C38F8}"
EndProject
Project("{8BC9CEB8-8B4A-11D0-8D11-00A0C91BC942}") = "11. Container With Most Water", "11. Container With Most Water\11. Container With Most Water.vcxproj", "{BC008BB7-8EB1-44A2-A2A7-852E93DC1E75}"
EndProject
Project("{8BC9CEB8-8B4A-11D0-8D11-00A0C91BC942}") = "12. Integer to Roman", "12. Integer to Roman\12. Integer to Roman.vcxproj", "{53C2D6AB-DD42-4F77-BC94-FA4455B23706}"
EndProject
Project("{8BC9CEB8-8B4A-11D0-8D11-00A0C91BC942}") = "13. Roman to Integer", "13. Roman to Integer\13. Roman to Integer.vcxproj", "{038C0BBB-7551-4BE5-B948-5F618885B74F}"
EndProject
Project("{8BC9CEB8-8B4A-11D0-8D11-00A0C91BC942}") = "14. Longest Common Prefix", "14. Longest Common Prefix\14. Longest Common Prefix.vcxproj", "{F5168261-DA78-492E-91BA-EDE39A2E8D48}"
EndProject
Project("{8BC9CEB8-8B4A-11D0-8D11-00A0C91BC942}") = "15. 3Sum", "15. 3Sum\15. 3Sum.vcxproj", "{09305E13-6E2F-4EBF-8943-8B7FFA511798}"
EndProject
Project("{8BC9CEB8-8B4A-11D0-8D11-00A0C91BC942}") = "16. 3Sum Closest", "16. 3Sum Closest\16. 3Sum Closest.vcxproj", "{BDFD385C-6CEC-442D-AEFA-93894544EF7E}"
EndProject
Project("{8BC9CEB8-8B4A-11D0-8D11-00A0C91BC942}") = "17. Letter Combinations of a Phone Number", "17. Letter Combinations of a Phone Number\17. Letter Combinations of a Phone Number.vcxproj", "{FD120072-1FC5-481E-8908-39AA758CDAB4}"
EndProject
Project("{8BC9CEB8-8B4A-11D0-8D11-00A0C91BC942}") = "18. 4Sum", "18. 4Sum\18. 4Sum.vcxproj", "{79A09BE7-6082-426A-8185-149396CBE1D6}"
EndProject
Project("{8BC9CEB8-8B4A-11D0-8D11-00A0C91BC942}") = "19. Remove Nth Node From End of List", "19. Remove Nth Node From End of List\19. Remove Nth Node From End of List.vcxproj", "{D500018D-E790-473E-85E2-62C1EA7B9037}"
EndProject
Project("{8BC9CEB8-8B4A-11D0-8D11-00A0C91BC942}") = "20. Valid Parentheses", "20. Valid Parentheses\20. Valid Parentheses.vcxproj", "{82AB82D7-9C06-461A-A655-2D801FB4C41B}"
EndProject
Project("{8BC9CEB8-8B4A-11D0-8D11-00A0C91BC942}") = "103. Binary Tree Zigzag Level Order Traversal", "103. Binary Tree Zigzag Level Order Traversal\103. Binary Tree Zigzag Level Order Traversal.vcxproj", "{7441285D-B6E4-4C30-8299-9FFFD182652A}"
EndProject
Project("{8BC9CEB8-8B4A-11D0-8D11-00A0C91BC942}") = "102. Binary Tree Level Order Traversal", "102. Binary Tree Level Order Traversal\102. Binary Tree Level Order Traversal.vcxproj", "{26E8541F-A6E3-490A-8A6D-F459B360B7EA}"
EndProject
Project("{8BC9CEB8-8B4A-11D0-8D11-00A0C91BC942}") = "101. Symmetric Tree", "101. Symmetric Tree\101. Symmetric Tree.vcxproj", "{963C31A4-C1B5-4AD9-B8E7-5C0325395B2D}"
EndProject
Project("{8BC9CEB8-8B4A-11D0-8D11-00A0C91BC942}") = "100. Same Tree", "100. Same Tree\100. Same Tree.vcxproj", "{55E1DB95-ADFE-4D25-B0F5-2C5A16445FD2}"
EndProject
Project("{8BC9CEB8-8B4A-11D0-8D11-00A0C91BC942}") = "99. Recover Binary Search Tree", "99. Recover Binary Search Tree\99. Recover Binary Search Tree.vcxproj", "{BC0E7DD0-0D2B-4DA5-93DB-FD54664BAC11}"
EndProject
Project("{8BC9CEB8-8B4A-11D0-8D11-00A0C91BC942}") = "98. Validate Binary Search Tree", "98. Validate Binary Search Tree\98. Validate Binary Search Tree.vcxproj", "{1AABCEB0-FBC3-4427-8D61-7377FDC420EA}"
EndProject
Project("{8BC9CEB8-8B4A-11D0-8D11-00A0C91BC942}") = "97. Interleaving String", "97. Interleaving String\97. Interleaving String.vcxproj", "{A387E429-823F-414F-8D8C-25828BEB1660}"
EndProject
Project("{8BC9CEB8-8B4A-11D0-8D11-00A0C91BC942}") = "94. Binary Tree Inorder Traversal", "94. Binary Tree Inorder Traversal\94. Binary Tree Inorder Traversal.vcxproj", "{682B7601-713A-4BB5-AFC8-6446CC909746}"
EndProject
Project("{8BC9CEB8-8B4A-11D0-8D11-00A0C91BC942}") = "93. Restore IP Addresses", "93. Restore IP Addresses\93. Restore IP Addresses.vcxproj", "{7757B456-5612-437D-8E09-A5D37324E0DC}"
EndProject
Project("{8BC9CEB8-8B4A-11D0-8D11-00A0C91BC942}") = "92. Reverse Linked List II", "92. Reverse Linked List II\92. Reverse Linked List II.vcxproj", "{7415F436-A53A-489A-800E-0FD0990DE395}"
EndProject
Project("{8BC9CEB8-8B4A-11D0-8D11-00A0C91BC942}") = "91. Decode Ways", "91. Decode Ways\91. Decode Ways.vcxproj", "{B1CA795A-1F99-4596-B387-55EF1064659F}"
EndProject
Project("{8BC9CEB8-8B4A-11D0-8D11-00A0C91BC942}") = "85. Maximal Rectangle", "85. Maximal Rectangle\85. Maximal Rectangle.vcxproj", "{F0BA7EC9-2069-4BF3-9174-75822B47EC8E}"
EndProject
Project("{8BC9CEB8-8B4A-11D0-8D11-00A0C91BC942}") = "75. Sort Colors", "75. Sort Colors\75. Sort Colors.vcxproj", "{C04B72DD-CED0-4FFF-B088-454886E0A9EB}"
EndProject
Project("{8BC9CEB8-8B4A-11D0-8D11-00A0C91BC942}") = "74. Search a 2D Matrix", "74. Search a 2D Matrix\74. Search a 2D Matrix.vcxproj", "{93D71ED7-1734-470F-8606-CD9C98C6C37F}"
EndProject
Project("{8BC9CEB8-8B4A-11D0-8D11-00A0C91BC942}") = "73. Set Matrix Zeroes", "73. Set Matrix Zeroes\73. Set Matrix Zeroes.vcxproj", "{48FB67DA-EB0C-4A2E-9BB6-D9CF333E99FA}"
EndProject
Project("{8BC9CEB8-8B4A-11D0-8D11-00A0C91BC942}") = "71. Simplify Path", "71. Simplify Path\71. Simplify Path.vcxproj", "{6F6986AF-9425-4FE1-AF76-17F181F7962C}"
EndProject
Project("{8BC9CEB8-8B4A-11D0-8D11-00A0C91BC942}") = "70. Climbing Stairs", "70. Climbing Stairs\70. Climbing Stairs.vcxproj", "{4204B6D9-7429-410F-94DF-D4C4CCEE125D}"
EndProject
Project("{8BC9CEB8-8B4A-11D0-8D11-00A0C91BC942}") = "69. Sqrt(x)", "69. Sqrt(x)\69. Sqrt(x).vcxproj", "{78C4585B-E1C2-4BF1-BC94-5E0BBD8CA406}"
EndProject
Project("{8BC9CEB8-8B4A-11D0-8D11-00A0C91BC942}") = "68. Text Justification", "68. Text Justification\68. Text Justification.vcxproj", "{0E9F7DA4-AFC2-4DF8-BA86-A0EE928AE17A}"
EndProject
Project("{8BC9CEB8-8B4A-11D0-8D11-00A0C91BC942}") = "67. Add Binary", "67. Add Binary\67. Add Binary.vcxproj", "{31321AF3-E7E7-49DD-A2AE-FDA2F5AC13CA}"
EndProject
Project("{8BC9CEB8-8B4A-11D0-8D11-00A0C91BC942}") = "66. Plus One", "66. Plus One\66. Plus One.vcxproj", "{120FA47B-2721-4C0D-863E-1D9029B5F471}"
EndProject
Project("{8BC9CEB8-8B4A-11D0-8D11-00A0C91BC942}") = "65. Valid Number", "65. Valid Number\65. Valid Number.vcxproj", "{1EAF277A-B0D5-4045-B413-9937AD9C49E5}"
EndProject
Project("{8BC9CEB8-8B4A-11D0-8D11-00A0C91BC942}") = "62. Unique Paths", "62. Unique Paths\62. Unique Paths.vcxproj", "{818B3C80-62C3-4462-A682-120EB199FDF9}"
EndProject
Project("{8BC9CEB8-8B4A-11D0-8D11-00A0C91BC942}") = "61. Rotate List", "61. Rotate List\61. Rotate List.vcxproj", "{5A936433-87E8-4C07-BAE4-B34DB93E2510}"
EndProject
Project("{8BC9CEB8-8B4A-11D0-8D11-00A0C91BC942}") = "60. Permutation Sequence", "60. Permutation Sequence\60. Permutation Sequence.vcxproj", "{272C8030-3EED-4294-9E57-1933CC11E939}"
EndProject
Project("{8BC9CEB8-8B4A-11D0-8D11-00A0C91BC942}") = "112. Path Sum", "112. Path Sum\112. Path Sum.vcxproj", "{B0039E8D-EA89-40E7-A836-A372A1BAEC7E}"
EndProject
Project("{8BC9CEB8-8B4A-11D0-8D11-00A0C91BC942}") = "113. Path Sum II", "113. Path Sum II\113. Path Sum II.vcxproj", "{50C34980-B186-426E-98C8-6F72E9DB1787}"
EndProject
Project("{8BC9CEB8-8B4A-11D0-8D11-00A0C91BC942}") = "110. Balanced Binary Tree", "110. Balanced Binary Tree\110. Balanced Binary Tree.vcxproj", "{C86562DF-F29C-4C8D-B911-E2A1D807927C}"
EndProject
Project("{8BC9CEB8-8B4A-11D0-8D11-00A0C91BC942}") = "107. Binary Tree Level Order Traversal II", "107. Binary Tree Level Order Traversal II\107. Binary Tree Level Order Traversal II.vcxproj", "{19CDF844-347E-4F29-BE35-0A57720DFAB4}"
EndProject
Project("{8BC9CEB8-8B4A-11D0-8D11-00A0C91BC942}") = "106. Construct Binary Tree from Inorder and Postorder Traversal", "106. Construct Binary Tree from Inorder and Postorder Traversal\106. Construct Binary Tree from Inorder and Postorder Traversal.vcxproj", "{C399BB04-BCB4-4667-8D4C-8962DAD80E82}"
EndProject
Project("{8BC9CEB8-8B4A-11D0-8D11-00A0C91BC942}") = "105. Construct Binary Tree from Preorder and Inorder Traversal", "105. Construct Binary Tree from Preorder and Inorder Traversal\105. Construct Binary Tree from Preorder and Inorder Traversal.vcxproj", "{3DBBF62E-E992-4CD2-8A48-A92293BE529E}"
EndProject
Project("{8BC9CEB8-8B4A-11D0-8D11-00A0C91BC942}") = "104. Maximum Depth of Binary Tree", "104. Maximum Depth of Binary Tree\104. Maximum Depth of Binary Tree.vcxproj", "{113C2D43-060B-419E-9A61-B88394D8079C}"
EndProject
Project("{8BC9CEB8-8B4A-11D0-8D11-00A0C91BC942}") = "50. Pow(x, n)", "50. Pow(x, n)\50. Pow(x, n).vcxproj", "{8DDAFAF3-5AF8-402E-8755-A5A46B400DCC}"
EndProject
Project("{8BC9CEB8-8B4A-11D0-8D11-00A0C91BC942}") = "51. N-Queens", "51. N-Queens\51. N-Queens.vcxproj", "{EF69CBD8-6CF3-452C-ABF7-A151A07205B6}"
EndProject
Project("{8BC9CEB8-8B4A-11D0-8D11-00A0C91BC942}") = "52. N-Queens II", "52. N-Queens II\52. N-Queens II.vcxproj", "{681D63D7-B529-4F2D-BCCD-6C3782508629}"
EndProject
Project("{8BC9CEB8-8B4A-11D0-8D11-00A0C91BC942}") = "53. Maximum Subarray", "53. Maximum Subarray\53. Maximum Subarray.vcxproj", "{1B2F29EE-CC68-4C8D-8D16-1B0BAEC59C56}"
EndProject
Project("{8BC9CEB8-8B4A-11D0-8D11-00A0C91BC942}") = "54. Spiral Matrix", "54. Spiral Matrix\54. Spiral Matrix.vcxproj", "{6FCBAC18-98D3-41FB-8609-5458A00FF3B2}"
EndProject
Project("{8BC9CEB8-8B4A-11D0-8D11-00A0C91BC942}") = "55. Jump Game", "55. Jump Game\55. Jump Game.vcxproj", "{0C533EA0-56E5-47A4-AF2F-FB3C6144D7A2}"
EndProject
Project("{8BC9CEB8-8B4A-11D0-8D11-00A0C91BC942}") = "56. Merge Intervals", "56. Merge Intervals\56. Merge Intervals.vcxproj", "{55108CD0-87C8-4FF1-8D24-CBDAAFED509A}"
EndProject
Project("{8BC9CEB8-8B4A-11D0-8D11-00A0C91BC942}") = "57. Insert Interval", "57. Insert Interval\57. Insert Interval.vcxproj", "{A205F797-F1F3-4224-B25B-018CC9648218}"
EndProject
Project("{8BC9CEB8-8B4A-11D0-8D11-00A0C91BC942}") = "58. Length of Last Word", "58. Length of Last Word\58. Length of Last Word.vcxproj", "{D18D8E80-01CD-4B71-B62F-5F45B125DBE1}"
EndProject
Project("{8BC9CEB8-8B4A-11D0-8D11-00A0C91BC942}") = "59. Spiral Matrix II", "59. Spiral Matrix II\59. Spiral Matrix II.vcxproj", "{4B822E43-CF19-4EAC-8B68-F98127B82CE4}"
EndProject
Project("{8BC9CEB8-8B4A-11D0-8D11-00A0C91BC942}") = "49. Group Anagrams", "49. Group Anagrams\49. Group Anagrams.vcxproj", "{1EAD62F0-0FAE-401C-8C4D-0DB6E398448C}"
EndProject
Project("{8BC9CEB8-8B4A-11D0-8D11-00A0C91BC942}") = "48. Rotate Image", "48. Rotate Image\48. Rotate Image.vcxproj", "{1FAD3820-09ED-4C25-8136-1DF6D4DC0248}"
EndProject
Project("{8BC9CEB8-8B4A-11D0-8D11-00A0C91BC942}") = "46. Permutations", "46. Permutations\46. Permutations.vcxproj", "{A1F7A4B0-C572-40AC-8303-AE86EE0309E0}"
EndProject
Project("{8BC9CEB8-8B4A-11D0-8D11-00A0C91BC942}") = "45. Jump Game II", "45. Jump Game II\45. Jump Game II.vcxproj", "{09635CA1-799C-4213-8CDB-F5AA1A3CB866}"
EndProject
Project("{8BC9CEB8-8B4A-11D0-8D11-00A0C91BC942}") = "44. Wildcard Matching", "44. Wildcard Matching\44. Wildcard Matching.vcxproj", "{1651075B-E538-4E7B-A1F2-60C1155FA11C}"
EndProject
Project("{8BC9CEB8-8B4A-11D0-8D11-00A0C91BC942}") = "43. Multiply Strings", "43. Multiply Strings\43. Multiply Strings.vcxproj", "{EA1610AA-CD3D-48D3-93DA-6C5C4455B5D7}"
EndProject
Project("{8BC9CEB8-8B4A-11D0-8D11-00A0C91BC942}") = "42. Trapping Rain Water", "42. Trapping Rain Water\42. Trapping Rain Water.vcxproj", "{2786C665-A3F1-4529-BB99-2002D6F9DC3D}"
EndProject
Project("{8BC9CEB8-8B4A-11D0-8D11-00A0C91BC942}") = "41. First Missing Positive", "41. First Missing Positive\41. First Missing Positive.vcxproj", "{84FFBD17-B4E3-454E-A1AA-9B7ACC8E710B}"
EndProject
Project("{8BC9CEB8-8B4A-11D0-8D11-00A0C91BC942}") = "40. Combination Sum II", "40. Combination Sum II\40. Combination Sum II.vcxproj", "{35A1E983-95A0-4BF8-AFE4-3370900DC2B7}"
EndProject
Project("{8BC9CEB8-8B4A-11D0-8D11-00A0C91BC942}") = "39. Combination Sum", "39. Combination Sum\39. Combination Sum.vcxproj", "{84B7D724-7E2F-44A6-A49D-4D073D8F8964}"
EndProject
Project("{8BC9CEB8-8B4A-11D0-8D11-00A0C91BC942}") = "38. Count and Say", "38. Count and Say\38. Count and Say.vcxproj", "{969DEC5F-B74F-4977-8097-C5A6F686623F}"
EndProject
Project("{8BC9CEB8-8B4A-11D0-8D11-00A0C91BC942}") = "37. Sudoku Solver", "37. Sudoku Solver\37. Sudoku Solver.vcxproj", "{970DB570-6EEF-4FBF-A19C-77168ED5FDEF}"
EndProject
Project("{8BC9CEB8-8B4A-11D0-8D11-00A0C91BC942}") = "36. Valid Sudoku", "36. Valid Sudoku\36. Valid Sudoku.vcxproj", "{2D914802-A38F-48C4-AB37-C2AB0E763523}"
EndProject
Project("{8BC9CEB8-8B4A-11D0-8D11-00A0C91BC942}") = "35. Search Insert Position", "35. Search Insert Position\35. Search Insert Position.vcxproj", "{B43099BE-35EB-44A2-AFDA-2643412684C2}"
EndProject
Project("{8BC9CEB8-8B4A-11D0-8D11-00A0C91BC942}") = "34. Find First and Last Position of Element in Sorted Array", "34. Find First and Last Position of Element in Sorted Array\34. Find First and Last Position of Element in Sorted Array.vcxproj", "{65D459DB-3A8D-4A0C-AF51-4DF1AE6DE3C2}"
EndProject
Project("{8BC9CEB8-8B4A-11D0-8D11-00A0C91BC942}") = "33. Search in Rotated Sorted Array", "33. Search in Rotated Sorted Array\33. Search in Rotated Sorted Array.vcxproj", "{B4E4EF23-088C-48AC-A94E-00442EEA77E9}"
EndProject
Project("{8BC9CEB8-8B4A-11D0-8D11-00A0C91BC942}") = "32. Longest Valid Parentheses", "32. Longest Valid Parentheses\32. Longest Valid Parentheses.vcxproj", "{80C004A6-880A-43F5-BD66-BED6783E5F6A}"
EndProject
Project("{8BC9CEB8-8B4A-11D0-8D11-00A0C91BC942}") = "31. Next Permutation", "31. Next Permutation\31. Next Permutation.vcxproj", "{9B16449D-BEFB-427D-9542-F8359AAB6239}"
EndProject
Project("{8BC9CEB8-8B4A-11D0-8D11-00A0C91BC942}") = "30. Substring with Concatenation of All Words", "30. Substring with Concatenation of All Words\30. Substring with Concatenation of All Words.vcxproj", "{1C556286-7E71-4BE3-A4BA-D6CD8B72391D}"
EndProject
Project("{8BC9CEB8-8B4A-11D0-8D11-00A0C91BC942}") = "21. Merge Two Sorted Lists", "21. Merge Two Sorted Lists\21. Merge Two Sorted Lists.vcxproj", "{A6FB6B83-1FAE-4E13-A427-DD5DA8B44F38}"
EndProject
Project("{8BC9CEB8-8B4A-11D0-8D11-00A0C91BC942}") = "22. Generate Parentheses", "22. Generate Parentheses\22. Generate Parentheses.vcxproj", "{994F0566-29ED-44BE-B914-3CCEBF806116}"
EndProject
Project("{8BC9CEB8-8B4A-11D0-8D11-00A0C91BC942}") = "23. Merge k Sorted Lists", "23. Merge k Sorted Lists\23. Merge k Sorted Lists.vcxproj", "{11CA8EA9-16B6-4797-822B-19CD8C39E683}"
EndProject
Project("{8BC9CEB8-8B4A-11D0-8D11-00A0C91BC942}") = "24. Swap Nodes in Pairs", "24. Swap Nodes in Pairs\24. Swap Nodes in Pairs.vcxproj", "{09931916-34C4-4EB6-A20B-8AC1246965A8}"
EndProject
Project("{8BC9CEB8-8B4A-11D0-8D11-00A0C91BC942}") = "25. Reverse Nodes in k-Group", "25. Reverse Nodes in k-Group\25. Reverse Nodes in k-Group.vcxproj", "{AA9FE87E-9C1B-40FC-8657-1CF39805C2D6}"
EndProject
Project("{8BC9CEB8-8B4A-11D0-8D11-00A0C91BC942}") = "26. Remove Duplicates from Sorted Array", "26. Remove Duplicates from Sorted Array\26. Remove Duplicates from Sorted Array.vcxproj", "{52EEFB1F-CD9C-41C3-A2F7-40DACB3EBFAA}"
EndProject
Project("{8BC9CEB8-8B4A-11D0-8D11-00A0C91BC942}") = "27. Remove Element", "27. Remove Element\27. Remove Element.vcxproj", "{43F69717-4515-404D-AE7C-2139881EA003}"
EndProject
Project("{8BC9CEB8-8B4A-11D0-8D11-00A0C91BC942}") = "28. Find the Index of the First Occurrence in a String", "28. Find the Index of the First Occurrence in a String\28. Find the Index of the First Occurrence in a String.vcxproj", "{F1B0A150-2123-471A-8777-6CFDD2F99B3F}"
EndProject
Project("{8BC9CEB8-8B4A-11D0-8D11-00A0C91BC942}") = "29. Divide Two Integers", "29. Divide Two Integers\29. Divide Two Integers.vcxproj", "{E2A98EA5-7850-43F8-A753-3A9D23904D8A}"
EndProject
Project("{8BC9CEB8-8B4A-11D0-8D11-00A0C91BC942}") = "114. Flatten Binary Tree to Linked List", "114. Flatten Binary Tree to Linked List\114. Flatten Binary Tree to Linked List.vcxproj", "{F1C14119-89C1-44FD-915E-8B4B43D72A0E}"
EndProject
Project("{8BC9CEB8-8B4A-11D0-8D11-00A0C91BC942}") = "116. Populating Next Right Pointers in Each Node", "116. Populating Next Right Pointers in Each Node\116. Populating Next Right Pointers in Each Node.vcxproj", "{54C05E92-A55E-4CEF-8500-DAF09C4A3BC2}"
EndProject
Project("{8BC9CEB8-8B4A-11D0-8D11-00A0C91BC942}") = "117. Populating Next Right Pointers in Each Node II", "117. Populating Next Right Pointers in Each Node II\117. Populating Next Right Pointers in Each Node II.vcxproj", "{1EF7521C-5854-4F55-B8B9-8314172E263D}"
EndProject
Project("{8BC9CEB8-8B4A-11D0-8D11-00A0C91BC942}") = "125. Valid Palindrome", "125. Valid Palindrome\125. Valid Palindrome.vcxproj", "{3C9E1855-52B5-435E-9599-85C8C2D80D8F}"
EndProject
Project("{8BC9CEB8-8B4A-11D0-8D11-00A0C91BC942}") = "128. Longest Consecutive Sequence", "128. Longest Consecutive Sequence\128. Longest Consecutive Sequence.vcxproj", "{D9A6C892-1BFD-4E72-8A5C-3A6D6F9626B7}"
EndProject
Project("{8BC9CEB8-8B4A-11D0-8D11-00A0C91BC942}") = "129. Sum Root to Leaf Numbers", "129. Sum Root to Leaf Numbers\129. Sum Root to Leaf Numbers.vcxproj", "{9B809487-5EF5-4359-B745-525A0A779468}"
EndProject
Project("{8BC9CEB8-8B4A-11D0-8D11-00A0C91BC942}") = "141. Linked List Cycle", "141. Linked List Cycle\141. Linked List Cycle.vcxproj", "{C347378D-AE8A-467F-96FC-D00038D1F75C}"
EndProject
Project("{8BC9CEB8-8B4A-11D0-8D11-00A0C91BC942}") = "142. Linked List Cycle II", "142. Linked List Cycle II\142. Linked List Cycle II.vcxproj", "{CD4BAF6D-6605-4BB4-B52F-27D376B0678D}"
EndProject
Project("{8BC9CEB8-8B4A-11D0-8D11-00A0C91BC942}") = "143. Reorder List", "143. Reorder List\143. Reorder List.vcxproj", "{869659CF-AEFC-4F7C-B8C4-5011A6AAF8F1}"
EndProject
Project("{8BC9CEB8-8B4A-11D0-8D11-00A0C91BC942}") = "144. Binary Tree Preorder Traversal", "144. Binary Tree Preorder Traversal\144. Binary Tree Preorder Traversal.vcxproj", "{DF0D97B6-1F83-4C16-96C0-27C345591DD4}"
EndProject
Project("{8BC9CEB8-8B4A-11D0-8D11-00A0C91BC942}") = "145. Binary Tree Postorder Traversal", "145. Binary Tree Postorder Traversal\145. Binary Tree Postorder Traversal.vcxproj", "{FE58CC23-FB77-4C32-A6AA-C75BD31F1634}"
EndProject
Project("{8BC9CEB8-8B4A-11D0-8D11-00A0C91BC942}") = "146. LRU Cache", "146. LRU Cache\146. LRU Cache.vcxproj", "{0B00A2D9-FA3A-4146-8ADB-8CD6AEF510B2}"
EndProject
Project("{8BC9CEB8-8B4A-11D0-8D11-00A0C91BC942}") = "147. Insertion Sort List", "147. Insertion Sort List\147. Insertion Sort List.vcxproj", "{80B744FB-767C-4F3E-BC16-BA8E8FA59320}"
EndProject
Project("{8BC9CEB8-8B4A-11D0-8D11-00A0C91BC942}") = "148. Sort List", "148. Sort List\148. Sort List.vcxproj", "{85569AB7-6BD6-415B-8F3A-FA0ED0294046}"
EndProject
Global
	GlobalSection(SolutionConfigurationPlatforms) = preSolution
		Debug|Win32 = Debug|Win32
		Debug|x64 = Debug|x64
		Release|Win32 = Release|Win32
		Release|x64 = Release|x64
	EndGlobalSection
	GlobalSection(ProjectConfigurationPlatforms) = postSolution
		{539BC07C-CDD9-40DE-B45B-416BAD44B700}.Debug|Win32.ActiveCfg = Debug|Win32
		{539BC07C-CDD9-40DE-B45B-416BAD44B700}.Debug|Win32.Build.0 = Debug|Win32
		{539BC07C-CDD9-40DE-B45B-416BAD44B700}.Debug|x64.ActiveCfg = Debug|x64
		{539BC07C-CDD9-40DE-B45B-416BAD44B700}.Debug|x64.Build.0 = Debug|x64
		{539BC07C-CDD9-40DE-B45B-416BAD44B700}.Release|Win32.ActiveCfg = Release|Win32
		{539BC07C-CDD9-40DE-B45B-416BAD44B700}.Release|Win32.Build.0 = Release|Win32
		{539BC07C-CDD9-40DE-B45B-416BAD44B700}.Release|x64.ActiveCfg = Release|x64
		{539BC07C-CDD9-40DE-B45B-416BAD44B700}.Release|x64.Build.0 = Release|x64
		{90ED8AF9-A69C-416B-855C-D045CD8C7B16}.Debug|Win32.ActiveCfg = Debug|Win32
		{90ED8AF9-A69C-416B-855C-D045CD8C7B16}.Debug|Win32.Build.0 = Debug|Win32
		{90ED8AF9-A69C-416B-855C-D045CD8C7B16}.Debug|x64.ActiveCfg = Debug|x64
		{90ED8AF9-A69C-416B-855C-D045CD8C7B16}.Debug|x64.Build.0 = Debug|x64
		{90ED8AF9-A69C-416B-855C-D045CD8C7B16}.Release|Win32.ActiveCfg = Release|Win32
		{90ED8AF9-A69C-416B-855C-D045CD8C7B16}.Release|Win32.Build.0 = Release|Win32
		{90ED8AF9-A69C-416B-855C-D045CD8C7B16}.Release|x64.ActiveCfg = Release|x64
		{90ED8AF9-A69C-416B-855C-D045CD8C7B16}.Release|x64.Build.0 = Release|x64
		{05E3DED2-254F-4B9D-966A-7CD14189B3CF}.Debug|Win32.ActiveCfg = Debug|Win32
		{05E3DED2-254F-4B9D-966A-7CD14189B3CF}.Debug|Win32.Build.0 = Debug|Win32
		{05E3DED2-254F-4B9D-966A-7CD14189B3CF}.Debug|x64.ActiveCfg = Debug|x64
		{05E3DED2-254F-4B9D-966A-7CD14189B3CF}.Debug|x64.Build.0 = Debug|x64
		{05E3DED2-254F-4B9D-966A-7CD14189B3CF}.Release|Win32.ActiveCfg = Release|Win32
		{05E3DED2-254F-4B9D-966A-7CD14189B3CF}.Release|Win32.Build.0 = Release|Win32
		{05E3DED2-254F-4B9D-966A-7CD14189B3CF}.Release|x64.ActiveCfg = Release|x64
		{05E3DED2-254F-4B9D-966A-7CD14189B3CF}.Release|x64.Build.0 = Release|x64
		{8CD712EE-A0F3-4CE7-82FB-E171A8F18E6A}.Debug|Win32.ActiveCfg = Debug|Win32
		{8CD712EE-A0F3-4CE7-82FB-E171A8F18E6A}.Debug|Win32.Build.0 = Debug|Win32
		{8CD712EE-A0F3-4CE7-82FB-E171A8F18E6A}.Debug|x64.ActiveCfg = Debug|x64
		{8CD712EE-A0F3-4CE7-82FB-E171A8F18E6A}.Debug|x64.Build.0 = Debug|x64
		{8CD712EE-A0F3-4CE7-82FB-E171A8F18E6A}.Release|Win32.ActiveCfg = Release|Win32
		{8CD712EE-A0F3-4CE7-82FB-E171A8F18E6A}.Release|Win32.Build.0 = Release|Win32
		{8CD712EE-A0F3-4CE7-82FB-E171A8F18E6A}.Release|x64.ActiveCfg = Release|x64
		{8CD712EE-A0F3-4CE7-82FB-E171A8F18E6A}.Release|x64.Build.0 = Release|x64
		{E1B0A412-CA7C-4A2E-B3E5-F58F42AA7AD6}.Debug|Win32.ActiveCfg = Debug|Win32
		{E1B0A412-CA7C-4A2E-B3E5-F58F42AA7AD6}.Debug|Win32.Build.0 = Debug|Win32
		{E1B0A412-CA7C-4A2E-B3E5-F58F42AA7AD6}.Debug|x64.ActiveCfg = Debug|x64
		{E1B0A412-CA7C-4A2E-B3E5-F58F42AA7AD6}.Debug|x64.Build.0 = Debug|x64
		{E1B0A412-CA7C-4A2E-B3E5-F58F42AA7AD6}.Release|Win32.ActiveCfg = Release|Win32
		{E1B0A412-CA7C-4A2E-B3E5-F58F42AA7AD6}.Release|Win32.Build.0 = Release|Win32
		{E1B0A412-CA7C-4A2E-B3E5-F58F42AA7AD6}.Release|x64.ActiveCfg = Release|x64
		{E1B0A412-CA7C-4A2E-B3E5-F58F42AA7AD6}.Release|x64.Build.0 = Release|x64
		{2EF8E2D0-3235-425F-8D5B-0B2E7C59F700}.Debug|Win32.ActiveCfg = Debug|Win32
		{2EF8E2D0-3235-425F-8D5B-0B2E7C59F700}.Debug|Win32.Build.0 = Debug|Win32
		{2EF8E2D0-3235-425F-8D5B-0B2E7C59F700}.Debug|x64.ActiveCfg = Debug|x64
		{2EF8E2D0-3235-425F-8D5B-0B2E7C59F700}.Debug|x64.Build.0 = Debug|x64
		{2EF8E2D0-3235-425F-8D5B-0B2E7C59F700}.Release|Win32.ActiveCfg = Release|Win32
		{2EF8E2D0-3235-425F-8D5B-0B2E7C59F700}.Release|Win32.Build.0 = Release|Win32
		{2EF8E2D0-3235-425F-8D5B-0B2E7C59F700}.Release|x64.ActiveCfg = Release|x64
		{2EF8E2D0-3235-425F-8D5B-0B2E7C59F700}.Release|x64.Build.0 = Release|x64
		{F04ABDBA-CB5C-4C6F-B80B-2B5202B792BD}.Debug|Win32.ActiveCfg = Debug|Win32
		{F04ABDBA-CB5C-4C6F-B80B-2B5202B792BD}.Debug|Win32.Build.0 = Debug|Win32
		{F04ABDBA-CB5C-4C6F-B80B-2B5202B792BD}.Debug|x64.ActiveCfg = Debug|x64
		{F04ABDBA-CB5C-4C6F-B80B-2B5202B792BD}.Debug|x64.Build.0 = Debug|x64
		{F04ABDBA-CB5C-4C6F-B80B-2B5202B792BD}.Release|Win32.ActiveCfg = Release|Win32
		{F04ABDBA-CB5C-4C6F-B80B-2B5202B792BD}.Release|Win32.Build.0 = Release|Win32
		{F04ABDBA-CB5C-4C6F-B80B-2B5202B792BD}.Release|x64.ActiveCfg = Release|x64
		{F04ABDBA-CB5C-4C6F-B80B-2B5202B792BD}.Release|x64.Build.0 = Release|x64
		{C1E805E1-744D-4490-8FBE-1C6CE851F601}.Debug|Win32.ActiveCfg = Debug|Win32
		{C1E805E1-744D-4490-8FBE-1C6CE851F601}.Debug|Win32.Build.0 = Debug|Win32
		{C1E805E1-744D-4490-8FBE-1C6CE851F601}.Debug|x64.ActiveCfg = Debug|x64
		{C1E805E1-744D-4490-8FBE-1C6CE851F601}.Debug|x64.Build.0 = Debug|x64
		{C1E805E1-744D-4490-8FBE-1C6CE851F601}.Release|Win32.ActiveCfg = Release|Win32
		{C1E805E1-744D-4490-8FBE-1C6CE851F601}.Release|Win32.Build.0 = Release|Win32
		{C1E805E1-744D-4490-8FBE-1C6CE851F601}.Release|x64.ActiveCfg = Release|x64
		{C1E805E1-744D-4490-8FBE-1C6CE851F601}.Release|x64.Build.0 = Release|x64
		{FD9B4A10-9209-47EB-8A08-DE5B11C9ED6F}.Debug|Win32.ActiveCfg = Debug|Win32
		{FD9B4A10-9209-47EB-8A08-DE5B11C9ED6F}.Debug|Win32.Build.0 = Debug|Win32
		{FD9B4A10-9209-47EB-8A08-DE5B11C9ED6F}.Debug|x64.ActiveCfg = Debug|x64
		{FD9B4A10-9209-47EB-8A08-DE5B11C9ED6F}.Debug|x64.Build.0 = Debug|x64
		{FD9B4A10-9209-47EB-8A08-DE5B11C9ED6F}.Release|Win32.ActiveCfg = Release|Win32
		{FD9B4A10-9209-47EB-8A08-DE5B11C9ED6F}.Release|Win32.Build.0 = Release|Win32
		{FD9B4A10-9209-47EB-8A08-DE5B11C9ED6F}.Release|x64.ActiveCfg = Release|x64
		{FD9B4A10-9209-47EB-8A08-DE5B11C9ED6F}.Release|x64.Build.0 = Release|x64
		{32E95B8B-2C04-496E-8095-2A316E217A8E}.Debug|Win32.ActiveCfg = Debug|Win32
		{32E95B8B-2C04-496E-8095-2A316E217A8E}.Debug|Win32.Build.0 = Debug|Win32
		{32E95B8B-2C04-496E-8095-2A316E217A8E}.Debug|x64.ActiveCfg = Debug|x64
		{32E95B8B-2C04-496E-8095-2A316E217A8E}.Debug|x64.Build.0 = Debug|x64
		{32E95B8B-2C04-496E-8095-2A316E217A8E}.Release|Win32.ActiveCfg = Release|Win32
		{32E95B8B-2C04-496E-8095-2A316E217A8E}.Release|Win32.Build.0 = Release|Win32
		{32E95B8B-2C04-496E-8095-2A316E217A8E}.Release|x64.ActiveCfg = Release|x64
		{32E95B8B-2C04-496E-8095-2A316E217A8E}.Release|x64.Build.0 = Release|x64
		{2C185E78-B4CA-4F14-91E8-9DF30F7A3701}.Debug|Win32.ActiveCfg = Debug|Win32
		{2C185E78-B4CA-4F14-91E8-9DF30F7A3701}.Debug|Win32.Build.0 = Debug|Win32
		{2C185E78-B4CA-4F14-91E8-9DF30F7A3701}.Debug|x64.ActiveCfg = Debug|x64
		{2C185E78-B4CA-4F14-91E8-9DF30F7A3701}.Debug|x64.Build.0 = Debug|x64
		{2C185E78-B4CA-4F14-91E8-9DF30F7A3701}.Release|Win32.ActiveCfg = Release|Win32
		{2C185E78-B4CA-4F14-91E8-9DF30F7A3701}.Release|Win32.Build.0 = Release|Win32
		{2C185E78-B4CA-4F14-91E8-9DF30F7A3701}.Release|x64.ActiveCfg = Release|x64
		{2C185E78-B4CA-4F14-91E8-9DF30F7A3701}.Release|x64.Build.0 = Release|x64
		{E63C4252-EEDB-435F-8F48-B1F176039D1F}.Debug|Win32.ActiveCfg = Debug|Win32
		{E63C4252-EEDB-435F-8F48-B1F176039D1F}.Debug|Win32.Build.0 = Debug|Win32
		{E63C4252-EEDB-435F-8F48-B1F176039D1F}.Debug|x64.ActiveCfg = Debug|x64
		{E63C4252-EEDB-435F-8F48-B1F176039D1F}.Debug|x64.Build.0 = Debug|x64
		{E63C4252-EEDB-435F-8F48-B1F176039D1F}.Release|Win32.ActiveCfg = Release|Win32
		{E63C4252-EEDB-435F-8F48-B1F176039D1F}.Release|Win32.Build.0 = Release|Win32
		{E63C4252-EEDB-435F-8F48-B1F176039D1F}.Release|x64.ActiveCfg = Release|x64
		{E63C4252-EEDB-435F-8F48-B1F176039D1F}.Release|x64.Build.0 = Release|x64
		{CFBA1F27-1921-428F-B8E9-D521B7FA6664}.Debug|Win32.ActiveCfg = Debug|Win32
		{CFBA1F27-1921-428F-B8E9-D521B7FA6664}.Debug|Win32.Build.0 = Debug|Win32
		{CFBA1F27-1921-428F-B8E9-D521B7FA6664}.Debug|x64.ActiveCfg = Debug|x64
		{CFBA1F27-1921-428F-B8E9-D521B7FA6664}.Debug|x64.Build.0 = Debug|x64
		{CFBA1F27-1921-428F-B8E9-D521B7FA6664}.Release|Win32.ActiveCfg = Release|Win32
		{CFBA1F27-1921-428F-B8E9-D521B7FA6664}.Release|Win32.Build.0 = Release|Win32
		{CFBA1F27-1921-428F-B8E9-D521B7FA6664}.Release|x64.ActiveCfg = Release|x64
		{CFBA1F27-1921-428F-B8E9-D521B7FA6664}.Release|x64.Build.0 = Release|x64
		{45676940-BC52-4414-AFBE-A1F5B04CA68E}.Debug|Win32.ActiveCfg = Debug|Win32
		{45676940-BC52-4414-AFBE-A1F5B04CA68E}.Debug|Win32.Build.0 = Debug|Win32
		{45676940-BC52-4414-AFBE-A1F5B04CA68E}.Debug|x64.ActiveCfg = Debug|x64
		{45676940-BC52-4414-AFBE-A1F5B04CA68E}.Debug|x64.Build.0 = Debug|x64
		{45676940-BC52-4414-AFBE-A1F5B04CA68E}.Release|Win32.ActiveCfg = Release|Win32
		{45676940-BC52-4414-AFBE-A1F5B04CA68E}.Release|Win32.Build.0 = Release|Win32
		{45676940-BC52-4414-AFBE-A1F5B04CA68E}.Release|x64.ActiveCfg = Release|x64
		{45676940-BC52-4414-AFBE-A1F5B04CA68E}.Release|x64.Build.0 = Release|x64
		{2D9297EF-E705-4387-8238-7D707359F14B}.Debug|Win32.ActiveCfg = Debug|Win32
		{2D9297EF-E705-4387-8238-7D707359F14B}.Debug|Win32.Build.0 = Debug|Win32
		{2D9297EF-E705-4387-8238-7D707359F14B}.Debug|x64.ActiveCfg = Debug|x64
		{2D9297EF-E705-4387-8238-7D707359F14B}.Debug|x64.Build.0 = Debug|x64
		{2D9297EF-E705-4387-8238-7D707359F14B}.Release|Win32.ActiveCfg = Release|Win32
		{2D9297EF-E705-4387-8238-7D707359F14B}.Release|Win32.Build.0 = Release|Win32
		{2D9297EF-E705-4387-8238-7D707359F14B}.Release|x64.ActiveCfg = Release|x64
		{2D9297EF-E705-4387-8238-7D707359F14B}.Release|x64.Build.0 = Release|x64
		{AF754E29-5992-4A05-AC52-196AD0963710}.Debug|Win32.ActiveCfg = Debug|Win32
		{AF754E29-5992-4A05-AC52-196AD0963710}.Debug|Win32.Build.0 = Debug|Win32
		{AF754E29-5992-4A05-AC52-196AD0963710}.Debug|x64.ActiveCfg = Debug|x64
		{AF754E29-5992-4A05-AC52-196AD0963710}.Debug|x64.Build.0 = Debug|x64
		{AF754E29-5992-4A05-AC52-196AD0963710}.Release|Win32.ActiveCfg = Release|Win32
		{AF754E29-5992-4A05-AC52-196AD0963710}.Release|Win32.Build.0 = Release|Win32
		{AF754E29-5992-4A05-AC52-196AD0963710}.Release|x64.ActiveCfg = Release|x64
		{AF754E29-5992-4A05-AC52-196AD0963710}.Release|x64.Build.0 = Release|x64
		{AFD2063F-FBBD-4BC5-AD25-68E03EDA1923}.Debug|Win32.ActiveCfg = Debug|Win32
		{AFD2063F-FBBD-4BC5-AD25-68E03EDA1923}.Debug|Win32.Build.0 = Debug|Win32
		{AFD2063F-FBBD-4BC5-AD25-68E03EDA1923}.Debug|x64.ActiveCfg = Debug|x64
		{AFD2063F-FBBD-4BC5-AD25-68E03EDA1923}.Debug|x64.Build.0 = Debug|x64
		{AFD2063F-FBBD-4BC5-AD25-68E03EDA1923}.Release|Win32.ActiveCfg = Release|Win32
		{AFD2063F-FBBD-4BC5-AD25-68E03EDA1923}.Release|Win32.Build.0 = Release|Win32
		{AFD2063F-FBBD-4BC5-AD25-68E03EDA1923}.Release|x64.ActiveCfg = Release|x64
		{AFD2063F-FBBD-4BC5-AD25-68E03EDA1923}.Release|x64.Build.0 = Release|x64
		{0BFC9390-9A7B-4861-916C-B0CA22463029}.Debug|Win32.ActiveCfg = Debug|Win32
		{0BFC9390-9A7B-4861-916C-B0CA22463029}.Debug|Win32.Build.0 = Debug|Win32
		{0BFC9390-9A7B-4861-916C-B0CA22463029}.Debug|x64.ActiveCfg = Debug|x64
		{0BFC9390-9A7B-4861-916C-B0CA22463029}.Debug|x64.Build.0 = Debug|x64
		{0BFC9390-9A7B-4861-916C-B0CA22463029}.Release|Win32.ActiveCfg = Release|Win32
		{0BFC9390-9A7B-4861-916C-B0CA22463029}.Release|Win32.Build.0 = Release|Win32
		{0BFC9390-9A7B-4861-916C-B0CA22463029}.Release|x64.ActiveCfg = Release|x64
		{0BFC9390-9A7B-4861-916C-B0CA22463029}.Release|x64.Build.0 = Release|x64
		{EDEBFB36-841F-41FC-A155-A3CD253126B1}.Debug|Win32.ActiveCfg = Debug|Win32
		{EDEBFB36-841F-41FC-A155-A3CD253126B1}.Debug|Win32.Build.0 = Debug|Win32
		{EDEBFB36-841F-41FC-A155-A3CD253126B1}.Debug|x64.ActiveCfg = Debug|x64
		{EDEBFB36-841F-41FC-A155-A3CD253126B1}.Debug|x64.Build.0 = Debug|x64
		{EDEBFB36-841F-41FC-A155-A3CD253126B1}.Release|Win32.ActiveCfg = Release|Win32
		{EDEBFB36-841F-41FC-A155-A3CD253126B1}.Release|Win32.Build.0 = Release|Win32
		{EDEBFB36-841F-41FC-A155-A3CD253126B1}.Release|x64.ActiveCfg = Release|x64
		{EDEBFB36-841F-41FC-A155-A3CD253126B1}.Release|x64.Build.0 = Release|x64
		{07DF20D0-E12E-4745-B2D7-9F255502380B}.Debug|Win32.ActiveCfg = Debug|Win32
		{07DF20D0-E12E-4745-B2D7-9F255502380B}.Debug|Win32.Build.0 = Debug|Win32
		{07DF20D0-E12E-4745-B2D7-9F255502380B}.Debug|x64.ActiveCfg = Debug|x64
		{07DF20D0-E12E-4745-B2D7-9F255502380B}.Debug|x64.Build.0 = Debug|x64
		{07DF20D0-E12E-4745-B2D7-9F255502380B}.Release|Win32.ActiveCfg = Release|Win32
		{07DF20D0-E12E-4745-B2D7-9F255502380B}.Release|Win32.Build.0 = Release|Win32
		{07DF20D0-E12E-4745-B2D7-9F255502380B}.Release|x64.ActiveCfg = Release|x64
		{07DF20D0-E12E-4745-B2D7-9F255502380B}.Release|x64.Build.0 = Release|x64
		{70F2DA17-4BE8-480E-B89F-90EE3FAE68EC}.Debug|Win32.ActiveCfg = Debug|Win32
		{70F2DA17-4BE8-480E-B89F-90EE3FAE68EC}.Debug|Win32.Build.0 = Debug|Win32
		{70F2DA17-4BE8-480E-B89F-90EE3FAE68EC}.Debug|x64.ActiveCfg = Debug|x64
		{70F2DA17-4BE8-480E-B89F-90EE3FAE68EC}.Debug|x64.Build.0 = Debug|x64
		{70F2DA17-4BE8-480E-B89F-90EE3FAE68EC}.Release|Win32.ActiveCfg = Release|Win32
		{70F2DA17-4BE8-480E-B89F-90EE3FAE68EC}.Release|Win32.Build.0 = Release|Win32
		{70F2DA17-4BE8-480E-B89F-90EE3FAE68EC}.Release|x64.ActiveCfg = Release|x64
		{70F2DA17-4BE8-480E-B89F-90EE3FAE68EC}.Release|x64.Build.0 = Release|x64
		{8244B206-D948-4F00-8A61-56343D509156}.Debug|Win32.ActiveCfg = Debug|Win32
		{8244B206-D948-4F00-8A61-56343D509156}.Debug|Win32.Build.0 = Debug|Win32
		{8244B206-D948-4F00-8A61-56343D509156}.Debug|x64.ActiveCfg = Debug|x64
		{8244B206-D948-4F00-8A61-56343D509156}.Debug|x64.Build.0 = Debug|x64
		{8244B206-D948-4F00-8A61-56343D509156}.Release|Win32.ActiveCfg = Release|Win32
		{8244B206-D948-4F00-8A61-56343D509156}.Release|Win32.Build.0 = Release|Win32
		{8244B206-D948-4F00-8A61-56343D509156}.Release|x64.ActiveCfg = Release|x64
		{8244B206-D948-4F00-8A61-56343D509156}.Release|x64.Build.0 = Release|x64
		{D0500D8F-AB07-4C10-808B-589300CB5D76}.Debug|Win32.ActiveCfg = Debug|Win32
		{D0500D8F-AB07-4C10-808B-589300CB5D76}.Debug|Win32.Build.0 = Debug|Win32
		{D0500D8F-AB07-4C10-808B-589300CB5D76}.Debug|x64.ActiveCfg = Debug|x64
		{D0500D8F-AB07-4C10-808B-589300CB5D76}.Debug|x64.Build.0 = Debug|x64
		{D0500D8F-AB07-4C10-808B-589300CB5D76}.Release|Win32.ActiveCfg = Release|Win32
		{D0500D8F-AB07-4C10-808B-589300CB5D76}.Release|Win32.Build.0 = Release|Win32
		{D0500D8F-AB07-4C10-808B-589300CB5D76}.Release|x64.ActiveCfg = Release|x64
		{D0500D8F-AB07-4C10-808B-589300CB5D76}.Release|x64.Build.0 = Release|x64
		{0478ED0E-1995-4CFE-A878-727DB6562E14}.Debug|Win32.ActiveCfg = Debug|Win32
		{0478ED0E-1995-4CFE-A878-727DB6562E14}.Debug|Win32.Build.0 = Debug|Win32
		{0478ED0E-1995-4CFE-A878-727DB6562E14}.Debug|x64.ActiveCfg = Debug|x64
		{0478ED0E-1995-4CFE-A878-727DB6562E14}.Debug|x64.Build.0 = Debug|x64
		{0478ED0E-1995-4CFE-A878-727DB6562E14}.Release|Win32.ActiveCfg = Release|Win32
		{0478ED0E-1995-4CFE-A878-727DB6562E14}.Release|Win32.Build.0 = Release|Win32
		{0478ED0E-1995-4CFE-A878-727DB6562E14}.Release|x64.ActiveCfg = Release|x64
		{0478ED0E-1995-4CFE-A878-727DB6562E14}.Release|x64.Build.0 = Release|x64
		{399F58B6-DAF5-4641-A30D-B0BFD39E0750}.Debug|Win32.ActiveCfg = Debug|Win32
		{399F58B6-DAF5-4641-A30D-B0BFD39E0750}.Debug|Win32.Build.0 = Debug|Win32
		{399F58B6-DAF5-4641-A30D-B0BFD39E0750}.Debug|x64.ActiveCfg = Debug|x64
		{399F58B6-DAF5-4641-A30D-B0BFD39E0750}.Debug|x64.Build.0 = Debug|x64
		{399F58B6-DAF5-4641-A30D-B0BFD39E0750}.Release|Win32.ActiveCfg = Release|Win32
		{399F58B6-DAF5-4641-A30D-B0BFD39E0750}.Release|Win32.Build.0 = Release|Win32
		{399F58B6-DAF5-4641-A30D-B0BFD39E0750}.Release|x64.ActiveCfg = Release|x64
		{399F58B6-DAF5-4641-A30D-B0BFD39E0750}.Release|x64.Build.0 = Release|x64
		{EE7FFDE6-93EF-48B2-904D-538EBAD72EFA}.Debug|Win32.ActiveCfg = Debug|Win32
		{EE7FFDE6-93EF-48B2-904D-538EBAD72EFA}.Debug|Win32.Build.0 = Debug|Win32
		{EE7FFDE6-93EF-48B2-904D-538EBAD72EFA}.Debug|x64.ActiveCfg = Debug|x64
		{EE7FFDE6-93EF-48B2-904D-538EBAD72EFA}.Debug|x64.Build.0 = Debug|x64
		{EE7FFDE6-93EF-48B2-904D-538EBAD72EFA}.Release|Win32.ActiveCfg = Release|Win32
		{EE7FFDE6-93EF-48B2-904D-538EBAD72EFA}.Release|Win32.Build.0 = Release|Win32
		{EE7FFDE6-93EF-48B2-904D-538EBAD72EFA}.Release|x64.ActiveCfg = Release|x64
		{EE7FFDE6-93EF-48B2-904D-538EBAD72EFA}.Release|x64.Build.0 = Release|x64
		{688FB3AE-179D-4C53-A1B4-37F10519252A}.Debug|Win32.ActiveCfg = Debug|Win32
		{688FB3AE-179D-4C53-A1B4-37F10519252A}.Debug|Win32.Build.0 = Debug|Win32
		{688FB3AE-179D-4C53-A1B4-37F10519252A}.Debug|x64.ActiveCfg = Debug|x64
		{688FB3AE-179D-4C53-A1B4-37F10519252A}.Debug|x64.Build.0 = Debug|x64
		{688FB3AE-179D-4C53-A1B4-37F10519252A}.Release|Win32.ActiveCfg = Release|Win32
		{688FB3AE-179D-4C53-A1B4-37F10519252A}.Release|Win32.Build.0 = Release|Win32
		{688FB3AE-179D-4C53-A1B4-37F10519252A}.Release|x64.ActiveCfg = Release|x64
		{688FB3AE-179D-4C53-A1B4-37F10519252A}.Release|x64.Build.0 = Release|x64
		{18D71643-CC68-47AF-93EE-1F3C40FCD557}.Debug|Win32.ActiveCfg = Debug|Win32
		{18D71643-CC68-47AF-93EE-1F3C40FCD557}.Debug|Win32.Build.0 = Debug|Win32
		{18D71643-CC68-47AF-93EE-1F3C40FCD557}.Debug|x64.ActiveCfg = Debug|x64
		{18D71643-CC68-47AF-93EE-1F3C40FCD557}.Debug|x64.Build.0 = Debug|x64
		{18D71643-CC68-47AF-93EE-1F3C40FCD557}.Release|Win32.ActiveCfg = Release|Win32
		{18D71643-CC68-47AF-93EE-1F3C40FCD557}.Release|Win32.Build.0 = Release|Win32
		{18D71643-CC68-47AF-93EE-1F3C40FCD557}.Release|x64.ActiveCfg = Release|x64
		{18D71643-CC68-47AF-93EE-1F3C40FCD557}.Release|x64.Build.0 = Release|x64
		{22C66EBC-0701-475D-8A8A-8607CE8C38F8}.Debug|Win32.ActiveCfg = Debug|Win32
		{22C66EBC-0701-475D-8A8A-8607CE8C38F8}.Debug|Win32.Build.0 = Debug|Win32
		{22C66EBC-0701-475D-8A8A-8607CE8C38F8}.Debug|x64.ActiveCfg = Debug|x64
		{22C66EBC-0701-475D-8A8A-8607CE8C38F8}.Debug|x64.Build.0 = Debug|x64
		{22C66EBC-0701-475D-8A8A-8607CE8C38F8}.Release|Win32.ActiveCfg = Release|Win32
		{22C66EBC-0701-475D-8A8A-8607CE8C38F8}.Release|Win32.Build.0 = Release|Win32
		{22C66EBC-0701-475D-8A8A-8607CE8C38F8}.Release|x64.ActiveCfg = Release|x64
		{22C66EBC-0701-475D-8A8A-8607CE8C38F8}.Release|x64.Build.0 = Release|x64
		{BC008BB7-8EB1-44A2-A2A7-852E93DC1E75}.Debug|Win32.ActiveCfg = Debug|Win32
		{BC008BB7-8EB1-44A2-A2A7-852E93DC1E75}.Debug|Win32.Build.0 = Debug|Win32
		{BC008BB7-8EB1-44A2-A2A7-852E93DC1E75}.Debug|x64.ActiveCfg = Debug|x64
		{BC008BB7-8EB1-44A2-A2A7-852E93DC1E75}.Debug|x64.Build.0 = Debug|x64
		{BC008BB7-8EB1-44A2-A2A7-852E93DC1E75}.Release|Win32.ActiveCfg = Release|Win32
		{BC008BB7-8EB1-44A2-A2A7-852E93DC1E75}.Release|Win32.Build.0 = Release|Win32
		{BC008BB7-8EB1-44A2-A2A7-852E93DC1E75}.Release|x64.ActiveCfg = Release|x64
		{BC008BB7-8EB1-44A2-A2A7-852E93DC1E75}.Release|x64.Build.0 = Release|x64
		{53C2D6AB-DD42-4F77-BC94-FA4455B23706}.Debug|Win32.ActiveCfg = Debug|Win32
		{53C2D6AB-DD42-4F77-BC94-FA4455B23706}.Debug|Win32.Build.0 = Debug|Win32
		{53C2D6AB-DD42-4F77-BC94-FA4455B23706}.Debug|x64.ActiveCfg = Debug|x64
		{53C2D6AB-DD42-4F77-BC94-FA4455B23706}.Debug|x64.Build.0 = Debug|x64
		{53C2D6AB-DD42-4F77-BC94-FA4455B23706}.Release|Win32.ActiveCfg = Release|Win32
		{53C2D6AB-DD42-4F77-BC94-FA4455B23706}.Release|Win32.Build.0 = Release|Win32
		{53C2D6AB-DD42-4F77-BC94-FA4455B23706}.Release|x64.ActiveCfg = Release|x64
		{53C2D6AB-DD42-4F77-BC94-FA4455B23706}.Release|x64.Build.0 = Release|x64
		{038C0BBB-7551-4BE5-B948-5F618885B74F}.Debug|Win32.ActiveCfg = Debug|Win32
		{038C0BBB-7551-4BE5-B948-5F618885B74F}.Debug|Win32.Build.0 = Debug|Win32
		{038C0BBB-7551-4BE5-B948-5F618885B74F}.Debug|x64.ActiveCfg = Debug|x64
		{038C0BBB-7551-4BE5-B948-5F618885B74F}.Debug|x64.Build.0 = Debug|x64
		{038C0BBB-7551-4BE5-B948-5F618885B74F}.Release|Win32.ActiveCfg = Release|Win32
		{038C0BBB-7551-4BE5-B948-5F618885B74F}.Release|Win32.Build.0 = Release|Win32
		{038C0BBB-7551-4BE5-B948-5F618885B74F}.Release|x64.ActiveCfg = Release|x64
		{038C0BBB-7551-4BE5-B948-5F618885B74F}.Release|x64.Build.0 = Release|x64
		{F5168261-DA78-492E-91BA-EDE39A2E8D48}.Debug|Win32.ActiveCfg = Debug|Win32
		{F5168261-DA78-492E-91BA-EDE39A2E8D48}.Debug|Win32.Build.0 = Debug|Win32
		{F5168261-DA78-492E-91BA-EDE39A2E8D48}.Debug|x64.ActiveCfg = Debug|x64
		{F5168261-DA78-492E-91BA-EDE39A2E8D48}.Debug|x64.Build.0 = Debug|x64
		{F5168261-DA78-492E-91BA-EDE39A2E8D48}.Release|Win32.ActiveCfg = Release|Win32
		{F5168261-DA78-492E-91BA-EDE39A2E8D48}.Release|Win32.Build.0 = Release|Win32
		{F5168261-DA78-492E-91BA-EDE39A2E8D48}.Release|x64.ActiveCfg = Release|x64
		{F5168261-DA78-492E-91BA-EDE39A2E8D48}.Release|x64.Build.0 = Release|x64
		{09305E13-6E2F-4EBF-8943-8B7FFA511798}.Debug|Win32.ActiveCfg = Debug|Win32
		{09305E13-6E2F-4EBF-8943-8B7FFA511798}.Debug|Win32.Build.0 = Debug|Win32
		{09305E13-6E2F-4EBF-8943-8B7FFA511798}.Debug|x64.ActiveCfg = Debug|x64
		{09305E13-6E2F-4EBF-8943-8B7FFA511798}.Debug|x64.Build.0 = Debug|x64
		{09305E13-6E2F-4EBF-8943-8B7FFA511798}.Release|Win32.ActiveCfg = Release|Win32
		{09305E13-6E2F-4EBF-8943-8B7FFA511798}.Release|Win32.Build.0 = Release|Win32
		{09305E13-6E2F-4EBF-8943-8B7FFA511798}.Release|x64.ActiveCfg = Release|x64
		{09305E13-6E2F-4EBF-8943-8B7FFA511798}.Release|x64.Build.0 = Release|x64
		{BDFD385C-6CEC-442D-AEFA-93894544EF7E}.Debug|Win32.ActiveCfg = Debug|Win32
		{BDFD385C-6CEC-442D-AEFA-93894544EF7E}.Debug|Win32.Build.0 = Debug|Win32
		{BDFD385C-6CEC-442D-AEFA-93894544EF7E}.Debug|x64.ActiveCfg = Debug|x64
		{BDFD385C-6CEC-442D-AEFA-93894544EF7E}.Debug|x64.Build.0 = Debug|x64
		{BDFD385C-6CEC-442D-AEFA-93894544EF7E}.Release|Win32.ActiveCfg = Release|Win32
		{BDFD385C-6CEC-442D-AEFA-93894544EF7E}.Release|Win32.Build.0 = Release|Win32
		{BDFD385C-6CEC-442D-AEFA-93894544EF7E}.Release|x64.ActiveCfg = Release|x64
		{BDFD385C-6CEC-442D-AEFA-93894544EF7E}.Release|x64.Build.0 = Release|x64
		{FD120072-1FC5-481E-8908-39AA758CDAB4}.Debug|Win32.ActiveCfg = Debug|Win32
		{FD120072-1FC5-481E-8908-39AA758CDAB4}.Debug|Win32.Build.0 = Debug|Win32
		{FD120072-1FC5-481E-8908-39AA758CDAB4}.Debug|x64.ActiveCfg = Debug|x64
		{FD120072-1FC5-481E-8908-39AA758CDAB4}.Debug|x64.Build.0 = Debug|x64
		{FD120072-1FC5-481E-8908-39AA758CDAB4}.Release|Win32.ActiveCfg = Release|Win32
		{FD120072-1FC5-481E-8908-39AA758CDAB4}.Release|Win32.Build.0 = Release|Win32
		{FD120072-1FC5-481E-8908-39AA758CDAB4}.Release|x64.ActiveCfg = Release|x64
		{FD120072-1FC5-481E-8908-39AA758CDAB4}.Release|x64.Build.0 = Release|x64
		{79A09BE7-6082-426A-8185-149396CBE1D6}.Debug|Win32.ActiveCfg = Debug|Win32
		{79A09BE7-6082-426A-8185-149396CBE1D6}.Debug|Win32.Build.0 = Debug|Win32
		{79A09BE7-6082-426A-8185-149396CBE1D6}.Debug|x64.ActiveCfg = Debug|x64
		{79A09BE7-6082-426A-8185-149396CBE1D6}.Debug|x64.Build.0 = Debug|x64
		{79A09BE7-6082-426A-8185-149396CBE1D6}.Release|Win32.ActiveCfg = Release|Win32
		{79A09BE7-6082-426A-8185-149396CBE1D6}.Release|Win32.Build.0 = Release|Win32
		{79A09BE7-6082-426A-8185-149396CBE1D6}.Release|x64.ActiveCfg = Release|x64
		{79A09BE7-6082-426A-8185-149396CBE1D6}.Release|x64.Build.0 = Release|x64
		{D500018D-E790-473E-85E2-62C1EA7B9037}.Debug|Win32.ActiveCfg = Debug|Win32
		{D500018D-E790-473E-85E2-62C1EA7B9037}.Debug|Win32.Build.0 = Debug|Win32
		{D500018D-E790-473E-85E2-62C1EA7B9037}.Debug|x64.ActiveCfg = Debug|x64
		{D500018D-E790-473E-85E2-62C1EA7B9037}.Debug|x64.Build.0 = Debug|x64
		{D500018D-E790-473E-85E2-62C1EA7B9037}.Release|Win32.ActiveCfg = Release|Win32
		{D500018D-E790-473E-85E2-62C1EA7B9037}.Release|Win32.Build.0 = Release|Win32
		{D500018D-E790-473E-85E2-62C1EA7B9037}.Release|x64.ActiveCfg = Release|x64
		{D500018D-E790-473E-85E2-62C1EA7B9037}.Release|x64.Build.0 = Release|x64
		{82AB82D7-9C06-461A-A655-2D801FB4C41B}.Debug|Win32.ActiveCfg = Debug|Win32
		{82AB82D7-9C06-461A-A655-2D801FB4C41B}.Debug|Win32.Build.0 = Debug|Win32
		{82AB82D7-9C06-461A-A655-2D801FB4C41B}.Debug|x64.ActiveCfg = Debug|x64
		{82AB82D7-9C06-461A-A655-2D801FB4C41B}.Debug|x64.Build.0 = Debug|x64
		{82AB82D7-9C06-461A-A655-2D801FB4C41B}.Release|Win32.ActiveCfg = Release|Win32
		{82AB82D7-9C06-461A-A655-2D801FB4C41B}.Release|Win32.Build.0 = Release|Win32
		{82AB82D7-9C06-461A-A655-2D801FB4C41B}.Release|x64.ActiveCfg = Release|x64
		{82AB82D7-9C06-461A-A655-2D801FB4C41B}.Release|x64.Build.0 = Release|x64
		{7441285D-B6E4-4C30-8299-9FFFD182652A}.Debug|Win32.ActiveCfg = Debug|Win32
		{7441285D-B6E4-4C30-8299-9FFFD182652A}.Debug|Win32.Build.0 = Debug|Win32
		{7441285D-B6E4-4C30-8299-9FFFD182652A}.Debug|x64.ActiveCfg = Debug|x64
		{7441285D-B6E4-4C30-8299-9FFFD182652A}.Debug|x64.Build.0 = Debug|x64
		{7441285D-B6E4-4C30-8299-9FFFD182652A}.Release|Win32.ActiveCfg = Release|Win32
		{7441285D-B6E4-4C30-8299-9FFFD182652A}.Release|Win32.Build.0 = Release|Win32
		{7441285D-B6E4-4C30-8299-9FFFD182652A}.Release|x64.ActiveCfg = Release|x64
		{7441285D-B6E4-4C30-8299-9FFFD182652A}.Release|x64.Build.0 = Release|x64
		{26E8541F-A6E3-490A-8A6D-F459B360B7EA}.Debug|Win32.ActiveCfg = Debug|Win32
		{26E8541F-A6E3-490A-8A6D-F459B360B7EA}.Debug|Win32.Build.0 = Debug|Win32
		{26E8541F-A6E3-490A-8A6D-F459B360B7EA}.Debug|x64.ActiveCfg = Debug|x64
		{26E8541F-A6E3-490A-8A6D-F459B360B7EA}.Debug|x64.Build.0 = Debug|x64
		{26E8541F-A6E3-490A-8A6D-F459B360B7EA}.Release|Win32.ActiveCfg = Release|Win32
		{26E8541F-A6E3-490A-8A6D-F459B360B7EA}.Release|Win32.Build.0 = Release|Win32
		{26E8541F-A6E3-490A-8A6D-F459B360B7EA}.Release|x64.ActiveCfg = Release|x64
		{26E8541F-A6E3-490A-8A6D-F459B360B7EA}.Release|x64.Build.0 = Release|x64
		{963C31A4-C1B5-4AD9-B8E7-5C0325395B2D}.Debug|Win32.ActiveCfg = Debug|Win32
		{963C31A4-C1B5-4AD9-B8E7-5C0325395B2D}.Debug|Win32.Build.0 = Debug|Win32
		{963C31A4-C1B5-4AD9-B8E7-5C0325395B2D}.Debug|x64.ActiveCfg = Debug|x64
		{963C31A4-C1B5-4AD9-B8E7-5C0325395B2D}.Debug|x64.Build.0 = Debug|x64
		{963C31A4-C1B5-4AD9-B8E7-5C0325395B2D}.Release|Win32.ActiveCfg = Release|Win32
		{963C31A4-C1B5-4AD9-B8E7-5C0325395B2D}.Release|Win32.Build.0 = Release|Win32
		{963C31A4-C1B5-4AD9-B8E7-5C0325395B2D}.Release|x64.ActiveCfg = Release|x64
		{963C31A4-C1B5-4AD9-B8E7-5C0325395B2D}.Release|x64.Build.0 = Release|x64
		{55E1DB95-ADFE-4D25-B0F5-2C5A16445FD2}.Debug|Win32.ActiveCfg = Debug|Win32
		{55E1DB95-ADFE-4D25-B0F5-2C5A16445FD2}.Debug|Win32.Build.0 = Debug|Win32
		{55E1DB95-ADFE-4D25-B0F5-2C5A16445FD2}.Debug|x64.ActiveCfg = Debug|x64
		{55E1DB95-ADFE-4D25-B0F5-2C5A16445FD2}.Debug|x64.Build.0 = Debug|x64
		{55E1DB95-ADFE-4D25-B0F5-2C5A16445FD2}.Release|Win32.ActiveCfg = Release|Win32
		{55E1DB95-ADFE-4D25-B0F5-2C5A16445FD2}.Release|Win32.Build.0 = Release|Win32
		{55E1DB95-ADFE-4D25-B0F5-2C5A16445FD2}.Release|x64.ActiveCfg = Release|x64
		{55E1DB95-ADFE-4D25-B0F5-2C5A16445FD2}.Release|x64.Build.0 = Release|x64
		{BC0E7DD0-0D2B-4DA5-93DB-FD54664BAC11}.Debug|Win32.ActiveCfg = Debug|Win32
		{BC0E7DD0-0D2B-4DA5-93DB-FD54664BAC11}.Debug|Win32.Build.0 = Debug|Win32
		{BC0E7DD0-0D2B-4DA5-93DB-FD54664BAC11}.Debug|x64.ActiveCfg = Debug|x64
		{BC0E7DD0-0D2B-4DA5-93DB-FD54664BAC11}.Debug|x64.Build.0 = Debug|x64
		{BC0E7DD0-0D2B-4DA5-93DB-FD54664BAC11}.Release|Win32.ActiveCfg = Release|Win32
		{BC0E7DD0-0D2B-4DA5-93DB-FD54664BAC11}.Release|Win32.Build.0 = Release|Win32
		{BC0E7DD0-0D2B-4DA5-93DB-FD54664BAC11}.Release|x64.ActiveCfg = Release|x64
		{BC0E7DD0-0D2B-4DA5-93DB-FD54664BAC11}.Release|x64.Build.0 = Release|x64
		{1AABCEB0-FBC3-4427-8D61-7377FDC420EA}.Debug|Win32.ActiveCfg = Debug|Win32
		{1AABCEB0-FBC3-4427-8D61-7377FDC420EA}.Debug|Win32.Build.0 = Debug|Win32
		{1AABCEB0-FBC3-4427-8D61-7377FDC420EA}.Debug|x64.ActiveCfg = Debug|x64
		{1AABCEB0-FBC3-4427-8D61-7377FDC420EA}.Debug|x64.Build.0 = Debug|x64
		{1AABCEB0-FBC3-4427-8D61-7377FDC420EA}.Release|Win32.ActiveCfg = Release|Win32
		{1AABCEB0-FBC3-4427-8D61-7377FDC420EA}.Release|Win32.Build.0 = Release|Win32
		{1AABCEB0-FBC3-4427-8D61-7377FDC420EA}.Release|x64.ActiveCfg = Release|x64
		{1AABCEB0-FBC3-4427-8D61-7377FDC420EA}.Release|x64.Build.0 = Release|x64
		{A387E429-823F-414F-8D8C-25828BEB1660}.Debug|Win32.ActiveCfg = Debug|Win32
		{A387E429-823F-414F-8D8C-25828BEB1660}.Debug|Win32.Build.0 = Debug|Win32
		{A387E429-823F-414F-8D8C-25828BEB1660}.Debug|x64.ActiveCfg = Debug|x64
		{A387E429-823F-414F-8D8C-25828BEB1660}.Debug|x64.Build.0 = Debug|x64
		{A387E429-823F-414F-8D8C-25828BEB1660}.Release|Win32.ActiveCfg = Release|Win32
		{A387E429-823F-414F-8D8C-25828BEB1660}.Release|Win32.Build.0 = Release|Win32
		{A387E429-823F-414F-8D8C-25828BEB1660}.Release|x64.ActiveCfg = Release|x64
		{A387E429-823F-414F-8D8C-25828BEB1660}.Release|x64.Build.0 = Release|x64
		{682B7601-713A-4BB5-AFC8-6446CC909746}.Debug|Win32.ActiveCfg = Debug|Win32
		{682B7601-713A-4BB5-AFC8-6446CC909746}.Debug|Win32.Build.0 = Debug|Win32
		{682B7601-713A-4BB5-AFC8-6446CC909746}.Debug|x64.ActiveCfg = Debug|x64
		{682B7601-713A-4BB5-AFC8-6446CC909746}.Debug|x64.Build.0 = Debug|x64
		{682B7601-713A-4BB5-AFC8-6446CC909746}.Release|Win32.ActiveCfg = Release|Win32
		{682B7601-713A-4BB5-AFC8-6446CC909746}.Release|Win32.Build.0 = Release|Win32
		{682B7601-713A-4BB5-AFC8-6446CC909746}.Release|x64.ActiveCfg = Release|x64
		{682B7601-713A-4BB5-AFC8-6446CC909746}.Release|x64.Build.0 = Release|x64
		{7757B456-5612-437D-8E09-A5D37324E0DC}.Debug|Win32.ActiveCfg = Debug|Win32
		{7757B456-5612-437D-8E09-A5D37324E0DC}.Debug|Win32.Build.0 = Debug|Win32
		{7757B456-5612-437D-8E09-A5D37324E0DC}.Debug|x64.ActiveCfg = Debug|x64
		{7757B456-5612-437D-8E09-A5D37324E0DC}.Debug|x64.Build.0 = Debug|x64
		{7757B456-5612-437D-8E09-A5D37324E0DC}.Release|Win32.ActiveCfg = Release|Win32
		{7757B456-5612-437D-8E09-A5D37324E0DC}.Release|Win32.Build.0 = Release|Win32
		{7757B456-5612-437D-8E09-A5D37324E0DC}.Release|x64.ActiveCfg = Release|x64
		{7757B456-5612-437D-8E09-A5D37324E0DC}.Release|x64.Build.0 = Release|x64
		{7415F436-A53A-489A-800E-0FD0990DE395}.Debug|Win32.ActiveCfg = Debug|Win32
		{7415F436-A53A-489A-800E-0FD0990DE395}.Debug|Win32.Build.0 = Debug|Win32
		{7415F436-A53A-489A-800E-0FD0990DE395}.Debug|x64.ActiveCfg = Debug|x64
		{7415F436-A53A-489A-800E-0FD0990DE395}.Debug|x64.Build.0 = Debug|x64
		{7415F436-A53A-489A-800E-0FD0990DE395}.Release|Win32.ActiveCfg = Release|Win32
		{7415F436-A53A-489A-800E-0FD0990DE395}.Release|Win32.Build.0 = Release|Win32
		{7415F436-A53A-489A-800E-0FD0990DE395}.Release|x64.ActiveCfg = Release|x64
		{7415F436-A53A-489A-800E-0FD0990DE395}.Release|x64.Build.0 = Release|x64
		{B1CA795A-1F99-4596-B387-55EF1064659F}.Debug|Win32.ActiveCfg = Debug|Win32
		{B1CA795A-1F99-4596-B387-55EF1064659F}.Debug|Win32.Build.0 = Debug|Win32
		{B1CA795A-1F99-4596-B387-55EF1064659F}.Debug|x64.ActiveCfg = Debug|x64
		{B1CA795A-1F99-4596-B387-55EF1064659F}.Debug|x64.Build.0 = Debug|x64
		{B1CA795A-1F99-4596-B387-55EF1064659F}.Release|Win32.ActiveCfg = Release|Win32
		{B1CA795A-1F99-4596-B387-55EF1064659F}.Release|Win32.Build.0 = Release|Win32
		{B1CA795A-1F99-4596-B387-55EF1064659F}.Release|x64.ActiveCfg = Release|x64
		{B1CA795A-1F99-4596-B387-55EF1064659F}.Release|x64.Build.0 = Release|x64
		{F0BA7EC9-2069-4BF3-9174-75822B47EC8E}.Debug|Win32.ActiveCfg = Debug|Win32
		{F0BA7EC9-2069-4BF3-9174-75822B47EC8E}.Debug|Win32.Build.0 = Debug|Win32
		{F0BA7EC9-2069-4BF3-9174-75822B47EC8E}.Debug|x64.ActiveCfg = Debug|x64
		{F0BA7EC9-2069-4BF3-9174-75822B47EC8E}.Debug|x64.Build.0 = Debug|x64
		{F0BA7EC9-2069-4BF3-9174-75822B47EC8E}.Release|Win32.ActiveCfg = Release|Win32
		{F0BA7EC9-2069-4BF3-9174-75822B47EC8E}.Release|Win32.Build.0 = Release|Win32
		{F0BA7EC9-2069-4BF3-9174-75822B47EC8E}.Release|x64.ActiveCfg = Release|x64
		{F0BA7EC9-2069-4BF3-9174-75822B47EC8E}.Release|x64.Build.0 = Release|x64
		{C04B72DD-CED0-4FFF-B088-454886E0A9EB}.Debug|Win32.ActiveCfg = Debug|Win32
		{C04B72DD-CED0-4FFF-B088-454886E0A9EB}.Debug|Win32.Build.0 = Debug|Win32
		{C04B72DD-CED0-4FFF-B088-454886E0A9EB}.Debug|x64.ActiveCfg = Debug|x64
		{C04B72DD-CED0-4FFF-B088-454886E0A9EB}.Debug|x64.Build.0 = Debug|x64
		{C04B72DD-CED0-4FFF-B088-454886E0A9EB}.Release|Win32.ActiveCfg = Release|Win32
		{C04B72DD-CED0-4FFF-B088-454886E0A9EB}.Release|Win32.Build.0 = Release|Win32
		{C04B72DD-CED0-4FFF-B088-454886E0A9EB}.Release|x64.ActiveCfg = Release|x64
		{C04B72DD-CED0-4FFF-B088-454886E0A9EB}.Release|x64.Build.0 = Release|x64
		{93D71ED7-1734-470F-8606-CD9C98C6C37F}.Debug|Win32.ActiveCfg = Debug|Win32
		{93D71ED7-1734-470F-8606-CD9C98C6C37F}.Debug|Win32.Build.0 = Debug|Win32
		{93D71ED7-1734-470F-8606-CD9C98C6C37F}.Debug|x64.ActiveCfg = Debug|x64
		{93D71ED7-1734-470F-8606-CD9C98C6C37F}.Debug|x64.Build.0 = Debug|x64
		{93D71ED7-1734-470F-8606-CD9C98C6C37F}.Release|Win32.ActiveCfg = Release|Win32
		{93D71ED7-1734-470F-8606-CD9C98C6C37F}.Release|Win32.Build.0 = Release|Win32
		{93D71ED7-1734-470F-8606-CD9C98C6C37F}.Release|x64.ActiveCfg = Release|x64
		{93D71ED7-1734-470F-8606-CD9C98C6C37F}.Release|x64.Build.0 = Release|x64
		{48FB67DA-EB0C-4A2E-9BB6-D9CF333E99FA}.Debug|Win32.ActiveCfg = Debug|Win32
		{48FB67DA-EB0C-4A2E-9BB6-D9CF333E99FA}.Debug|Win32.Build.0 = Debug|Win32
		{48FB67DA-EB0C-4A2E-9BB6-D9CF333E99FA}.Debug|x64.ActiveCfg = Debug|x64
		{48FB67DA-EB0C-4A2E-9BB6-D9CF333E99FA}.Debug|x64.Build.0 = Debug|x64
		{48FB67DA-EB0C-4A2E-9BB6-D9CF333E99FA}.Release|Win32.ActiveCfg = Release|Win32
		{48FB67DA-EB0C-4A2E-9BB6-D9CF333E99FA}.Release|Win32.Build.0 = Release|Win32
		{48FB67DA-EB0C-4A2E-9BB6-D9CF333E99FA}.Release|x64.ActiveCfg = Release|x64
		{48FB67DA-EB0C-4A2E-9BB6-D9CF333E99FA}.Release|x64.Build.0 = Release|x64
		{6F6986AF-9425-4FE1-AF76-17F181F7962C}.Debug|Win32.ActiveCfg = Debug|Win32
		{6F6986AF-9425-4FE1-AF76-17F181F7962C}.Debug|Win32.Build.0 = Debug|Win32
		{6F6986AF-9425-4FE1-AF76-17F181F7962C}.Debug|x64.ActiveCfg = Debug|x64
		{6F6986AF-9425-4FE1-AF76-17F181F7962C}.Debug|x64.Build.0 = Debug|x64
		{6F6986AF-9425-4FE1-AF76-17F181F7962C}.Release|Win32.ActiveCfg = Release|Win32
		{6F6986AF-9425-4FE1-AF76-17F181F7962C}.Release|Win32.Build.0 = Release|Win32
		{6F6986AF-9425-4FE1-AF76-17F181F7962C}.Release|x64.ActiveCfg = Release|x64
		{6F6986AF-9425-4FE1-AF76-17F181F7962C}.Release|x64.Build.0 = Release|x64
		{4204B6D9-7429-410F-94DF-D4C4CCEE125D}.Debug|Win32.ActiveCfg = Debug|Win32
		{4204B6D9-7429-410F-94DF-D4C4CCEE125D}.Debug|Win32.Build.0 = Debug|Win32
		{4204B6D9-7429-410F-94DF-D4C4CCEE125D}.Debug|x64.ActiveCfg = Debug|x64
		{4204B6D9-7429-410F-94DF-D4C4CCEE125D}.Debug|x64.Build.0 = Debug|x64
		{4204B6D9-7429-410F-94DF-D4C4CCEE125D}.Release|Win32.ActiveCfg = Release|Win32
		{4204B6D9-7429-410F-94DF-D4C4CCEE125D}.Release|Win32.Build.0 = Release|Win32
		{4204B6D9-7429-410F-94DF-D4C4CCEE125D}.Release|x64.ActiveCfg = Release|x64
		{4204B6D9-7429-410F-94DF-D4C4CCEE125D}.Release|x64.Build.0 = Release|x64
		{78C4585B-E1C2-4BF1-BC94-5E0BBD8CA406}.Debug|Win32.ActiveCfg = Debug|Win32
		{78C4585B-E1C2-4BF1-BC94-5E0BBD8CA406}.Debug|Win32.Build.0 = Debug|Win32
		{78C4585B-E1C2-4BF1-BC94-5E0BBD8CA406}.Debug|x64.ActiveCfg = Debug|x64
		{78C4585B-E1C2-4BF1-BC94-5E0BBD8CA406}.Debug|x64.Build.0 = Debug|x64
		{78C4585B-E1C2-4BF1-BC94-5E0BBD8CA406}.Release|Win32.ActiveCfg = Release|Win32
		{78C4585B-E1C2-4BF1-BC94-5E0BBD8CA406}.Release|Win32.Build.0 = Release|Win32
		{78C4585B-E1C2-4BF1-BC94-5E0BBD8CA406}.Release|x64.ActiveCfg = Release|x64
		{78C4585B-E1C2-4BF1-BC94-5E0BBD8CA406}.Release|x64.Build.0 = Release|x64
		{0E9F7DA4-AFC2-4DF8-BA86-A0EE928AE17A}.Debug|Win32.ActiveCfg = Debug|Win32
		{0E9F7DA4-AFC2-4DF8-BA86-A0EE928AE17A}.Debug|Win32.Build.0 = Debug|Win32
		{0E9F7DA4-AFC2-4DF8-BA86-A0EE928AE17A}.Debug|x64.ActiveCfg = Debug|x64
		{0E9F7DA4-AFC2-4DF8-BA86-A0EE928AE17A}.Debug|x64.Build.0 = Debug|x64
		{0E9F7DA4-AFC2-4DF8-BA86-A0EE928AE17A}.Release|Win32.ActiveCfg = Release|Win32
		{0E9F7DA4-AFC2-4DF8-BA86-A0EE928AE17A}.Release|Win32.Build.0 = Release|Win32
		{0E9F7DA4-AFC2-4DF8-BA86-A0EE928AE17A}.Release|x64.ActiveCfg = Release|x64
		{0E9F7DA4-AFC2-4DF8-BA86-A0EE928AE17A}.Release|x64.Build.0 = Release|x64
		{31321AF3-E7E7-49DD-A2AE-FDA2F5AC13CA}.Debug|Win32.ActiveCfg = Debug|Win32
		{31321AF3-E7E7-49DD-A2AE-FDA2F5AC13CA}.Debug|Win32.Build.0 = Debug|Win32
		{31321AF3-E7E7-49DD-A2AE-FDA2F5AC13CA}.Debug|x64.ActiveCfg = Debug|x64
		{31321AF3-E7E7-49DD-A2AE-FDA2F5AC13CA}.Debug|x64.Build.0 = Debug|x64
		{31321AF3-E7E7-49DD-A2AE-FDA2F5AC13CA}.Release|Win32.ActiveCfg = Release|Win32
		{31321AF3-E7E7-49DD-A2AE-FDA2F5AC13CA}.Release|Win32.Build.0 = Release|Win32
		{31321AF3-E7E7-49DD-A2AE-FDA2F5AC13CA}.Release|x64.ActiveCfg = Release|x64
		{31321AF3-E7E7-49DD-A2AE-FDA2F5AC13CA}.Release|x64.Build.0 = Release|x64
		{120FA47B-2721-4C0D-863E-1D9029B5F471}.Debug|Win32.ActiveCfg = Debug|Win32
		{120FA47B-2721-4C0D-863E-1D9029B5F471}.Debug|Win32.Build.0 = Debug|Win32
		{120FA47B-2721-4C0D-863E-1D9029B5F471}.Debug|x64.ActiveCfg = Debug|x64
		{120FA47B-2721-4C0D-863E-1D9029B5F471}.Debug|x64.Build.0 = Debug|x64
		{120FA47B-2721-4C0D-863E-1D9029B5F471}.Release|Win32.ActiveCfg = Release|Win32
		{120FA47B-2721-4C0D-863E-1D9029B5F471}.Release|Win32.Build.0 = Release|Win32
		{120FA47B-2721-4C0D-863E-1D9029B5F471}.Release|x64.ActiveCfg = Release|x64
		{120FA47B-2721-4C0D-863E-1D9029B5F471}.Release|x64.Build.0 = Release|x64
		{1EAF277A-B0D5-4045-B413-9937AD9C49E5}.Debug|Win32.ActiveCfg = Debug|Win32
		{1EAF277A-B0D5-4045-B413-9937AD9C49E5}.Debug|Win32.Build.0 = Debug|Win32
		{1EAF277A-B0D5-4045-B413-9937AD9C49E5}.Debug|x64.ActiveCfg = Debug|x64
		{1EAF277A-B0D5-4045-B413-9937AD9C49E5}.Debug|x64.Build.0 = Debug|x64
		{1EAF277A-B0D5-4045-B413-9937AD9C49E5}.Release|Win32.ActiveCfg = Release|Win32
		{1EAF277A-B0D5-4045-B413-9937AD9C49E5}.Release|Win32.Build.0 = Release|Win32
		{1EAF277A-B0D5-4045-B413-9937AD9C49E5}.Release|x64.ActiveCfg = Release|x64
		{1EAF277A-B0D5-4045-B413-9937AD9C49E5}.Release|x64.Build.0 = Release|x64
		{818B3C80-62C3-4462-A682-120EB199FDF9}.Debug|Win32.ActiveCfg = Debug|Win32
		{818B3C80-62C3-4462-A682-120EB199FDF9}.Debug|Win32.Build.0 = Debug|Win32
		{818B3C80-62C3-4462-A682-120EB199FDF9}.Debug|x64.ActiveCfg = Debug|x64
		{818B3C80-62C3-4462-A682-120EB199FDF9}.Debug|x64.Build.0 = Debug|x64
		{818B3C80-62C3-4462-A682-120EB199FDF9}.Release|Win32.ActiveCfg = Release|Win32
		{818B3C80-62C3-4462-A682-120EB199FDF9}.Release|Win32.Build.0 = Release|Win32
		{818B3C80-62C3-4462-A682-120EB199FDF9}.Release|x64.ActiveCfg = Release|x64
		{818B3C80-62C3-4462-A682-120EB199FDF9}.Release|x64.Build.0 = Release|x64
		{5A936433-87E8-4C07-BAE4-B34DB93E2510}.Debug|Win32.ActiveCfg = Debug|Win32
		{5A936433-87E8-4C07-BAE4-B34DB93E2510}.Debug|Win32.Build.0 = Debug|Win32
		{5A936433-87E8-4C07-BAE4-B34DB93E2510}.Debug|x64.ActiveCfg = Debug|x64
		{5A936433-87E8-4C07-BAE4-B34DB93E2510}.Debug|x64.Build.0 = Debug|x64
		{5A936433-87E8-4C07-BAE4-B34DB93E2510}.Release|Win32.ActiveCfg = Release|Win32
		{5A936433-87E8-4C07-BAE4-B34DB93E2510}.Release|Win32.Build.0 = Release|Win32
		{5A936433-87E8-4C07-BAE4-B34DB93E2510}.Release|x64.ActiveCfg = Release|x64
		{5A936433-87E8-4C07-BAE4-B34DB93E2510}.Release|x64.Build.0 = Release|x64
		{272C8030-3EED-4294-9E57-1933CC11E939}.Debug|Win32.ActiveCfg = Debug|Win32
		{272C8030-3EED-4294-9E57-1933CC11E939}.Debug|Win32.Build.0 = Debug|Win32
		{272C8030-3EED-4294-9E57-1933CC11E939}.Debug|x64.ActiveCfg = Debug|x64
		{272C8030-3EED-4294-9E57-1933CC11E939}.Debug|x64.Build.0 = Debug|x64
		{272C8030-3EED-4294-9E57-1933CC11E939}.Release|Win32.ActiveCfg = Release|Win32
		{272C8030-3EED-4294-9E57-1933CC11E939}.Release|Win32.Build.0 = Release|Win32
		{272C8030-3EED-4294-9E57-1933CC11E939}.Release|x64.ActiveCfg = Release|x64
		{272C8030-3EED-4294-9E57-1933CC11E939}.Release|x64.Build.0 = Release|x64
		{B0039E8D-EA89-40E7-A836-A372A1BAEC7E}.Debug|Win32.ActiveCfg = Debug|Win32
		{B0039E8D-EA89-40E7-A836-A372A1BAEC7E}.Debug|Win32.Build.0 = Debug|Win32
		{B0039E8D-EA89-40E7-A836-A372A1BAEC7E}.Debug|x64.ActiveCfg = Debug|x64
		{B0039E8D-EA89-40E7-A836-A372A1BAEC7E}.Debug|x64.Build.0 = Debug|x64
		{B0039E8D-EA89-40E7-A836-A372A1BAEC7E}.Release|Win32.ActiveCfg = Release|Win32
		{B0039E8D-EA89-40E7-A836-A372A1BAEC7E}.Release|Win32.Build.0 = Release|Win32
		{B0039E8D-EA89-40E7-A836-A372A1BAEC7E}.Release|x64.ActiveCfg = Release|x64
		{B0039E8D-EA89-40E7-A836-A372A1BAEC7E}.Release|x64.Build.0 = Release|x64
		{50C34980-B186-426E-98C8-6F72E9DB1787}.Debug|Win32.ActiveCfg = Debug|Win32
		{50C34980-B186-426E-98C8-6F72E9DB1787}.Debug|Win32.Build.0 = Debug|Win32
		{50C34980-B186-426E-98C8-6F72E9DB1787}.Debug|x64.ActiveCfg = Debug|x64
		{50C34980-B186-426E-98C8-6F72E9DB1787}.Debug|x64.Build.0 = Debug|x64
		{50C34980-B186-426E-98C8-6F72E9DB1787}.Release|Win32.ActiveCfg = Release|Win32
		{50C34980-B186-426E-98C8-6F72E9DB1787}.Release|Win32.Build.0 = Release|Win32
		{50C34980-B186-426E-98C8-6F72E9DB1787}.Release|x64.ActiveCfg = Release|x64
		{50C34980-B186-426E-98C8-6F72E9DB1787}.Release|x64.Build.0 = Release|x64
		{C86562DF-F29C-4C8D-B911-E2A1D807927C}.Debug|Win32.ActiveCfg = Debug|Win32
		{C86562DF-F29C-4C8D-B911-E2A1D807927C}.Debug|Win32.Build.0 = Debug|Win32
		{C86562DF-F29C-4C8D-B911-E2A1D807927C}.Debug|x64.ActiveCfg = Debug|x64
		{C86562DF-F29C-4C8D-B911-E2A1D807927C}.Debug|x64.Build.0 = Debug|x64
		{C86562DF-F29C-4C8D-B911-E2A1D807927C}.Release|Win32.ActiveCfg = Release|Win32
		{C86562DF-F29C-4C8D-B911-E2A1D807927C}.Release|Win32.Build.0 = Release|Win32
		{C86562DF-F29C-4C8D-B911-E2A1D807927C}.Release|x64.ActiveCfg = Release|x64
		{C86562DF-F29C-4C8D-B911-E2A1D807927C}.Release|x64.Build.0 = Release|x64
		{19CDF844-347E-4F29-BE35-0A57720DFAB4}.Debug|Win32.ActiveCfg = Debug|Win32
		{19CDF844-347E-4F29-BE35-0A57720DFAB4}.Debug|Win32.Build.0 = Debug|Win32
		{19CDF844-347E-4F29-BE35-0A57720DFAB4}.Debug|x64.ActiveCfg = Debug|x64
		{19CDF844-347E-4F29-BE35-0A57720DFAB4}.Debug|x64.Build.0 = Debug|x64
		{19CDF844-347E-4F29-BE35-0A57720DFAB4}.Release|Win32.ActiveCfg = Release|Win32
		{19CDF844-347E-4F29-BE35-0A57720DFAB4}.Release|Win32.Build.0 = Release|Win32
		{19CDF844-347E-4F29-BE35-0A57720DFAB4}.Release|x64.ActiveCfg = Release|x64
		{19CDF844-347E-4F29-BE35-0A57720DFAB4}.Release|x64.Build.0 = Release|x64
		{C399BB04-BCB4-4667-8D4C-8962DAD80E82}.Debug|Win32.ActiveCfg = Debug|Win32
		{C399BB04-BCB4-4667-8D4C-8962DAD80E82}.Debug|Win32.Build.0 = Debug|Win32
		{C399BB04-BCB4-4667-8D4C-8962DAD80E82}.Debug|x64.ActiveCfg = Debug|x64
		{C399BB04-BCB4-4667-8D4C-8962DAD80E82}.Debug|x64.Build.0 = Debug|x64
		{C399BB04-BCB4-4667-8D4C-8962DAD80E82}.Release|Win32.ActiveCfg = Release|Win32
		{C399BB04-BCB4-4667-8D4C-8962DAD80E82}.Release|Win32.Build.0 = Release|Win32
		{C399BB04-BCB4-4667-8D4C-8962DAD80E82}.Release|x64.ActiveCfg = Release|x64
		{C399BB04-BCB4-4667-8D4C-8962DAD80E82}.Release|x64.Build.0 = Release|x64
		{3DBBF62E-E992-4CD2-8A48-A92293BE529E}.Debug|Win32.ActiveCfg = Debug|Win32
		{3DBBF62E-E992-4CD2-8A48-A92293BE529E}.Debug|Win32.Build.0 = Debug|Win32
		{3DBBF62E-E992-4CD2-8A48-A92293BE529E}.Debug|x64.ActiveCfg = Debug|x64
		{3DBBF62E-E992-4CD2-8A48-A92293BE529E}.Debug|x64.Build.0 = Debug|x64
		{3DBBF62E-E992-4CD2-8A48-A92293BE529E}.Release|Win32.ActiveCfg = Release|Win32
		{3DBBF62E-E992-4CD2-8A48-A92293BE529E}.Release|Win32.Build.0 = Release|Win32
		{3DBBF62E-E992-4CD2-8A48-A92293BE529E}.Release|x64.ActiveCfg = Release|x64
		{3DBBF62E-E992-4CD2-8A48-A92293BE529E}.Release|x64.Build.0 = Release|x64
		{113C2D43-060B-419E-9A61-B88394D8079C}.Debug|Win32.ActiveCfg = Debug|Win32
		{113C2D43-060B-419E-9A61-B88394D8079C}.Debug|Win32.Build.0 = Debug|Win32
		{113C2D43-060B-419E-9A61-B88394D8079C}.Debug|x64.ActiveCfg = Debug|x64
		{113C2D43-060B-419E-9A61-B88394D8079C}.Debug|x64.Build.0 = Debug|x64
		{113C2D43-060B-419E-9A61-B88394D8079C}.Release|Win32.ActiveCfg = Release|Win32
		{113C2D43-060B-419E-9A61-B88394D8079C}.Release|Win32.Build.0 = Release|Win32
		{113C2D43-060B-419E-9A61-B88394D8079C}.Release|x64.ActiveCfg = Release|x64
		{113C2D43-060B-419E-9A61-B88394D8079C}.Release|x64.Build.0 = Release|x64
		{8DDAFAF3-5AF8-402E-8755-A5A46B400DCC}.Debug|Win32.ActiveCfg = Debug|Win32
		{8DDAFAF3-5AF8-402E-8755-A5A46B400DCC}.Debug|Win32.Build.0 = Debug|Win32
		{8DDAFAF3-5AF8-402E-8755-A5A46B400DCC}.Debug|x64.ActiveCfg = Debug|x64
		{8DDAFAF3-5AF8-402E-8755-A5A46B400DCC}.Debug|x64.Build.0 = Debug|x64
		{8DDAFAF3-5AF8-402E-8755-A5A46B400DCC}.Release|Win32.ActiveCfg = Release|Win32
		{8DDAFAF3-5AF8-402E-8755-A5A46B400DCC}.Release|Win32.Build.0 = Release|Win32
		{8DDAFAF3-5AF8-402E-8755-A5A46B400DCC}.Release|x64.ActiveCfg = Release|x64
		{8DDAFAF3-5AF8-402E-8755-A5A46B400DCC}.Release|x64.Build.0 = Release|x64
		{EF69CBD8-6CF3-452C-ABF7-A151A07205B6}.Debug|Win32.ActiveCfg = Debug|Win32
		{EF69CBD8-6CF3-452C-ABF7-A151A07205B6}.Debug|Win32.Build.0 = Debug|Win32
		{EF69CBD8-6CF3-452C-ABF7-A151A07205B6}.Debug|x64.ActiveCfg = Debug|x64
		{EF69CBD8-6CF3-452C-ABF7-A151A07205B6}.Debug|x64.Build.0 = Debug|x64
		{EF69CBD8-6CF3-452C-ABF7-A151A07205B6}.Release|Win32.ActiveCfg = Release|Win32
		{EF69CBD8-6CF3-452C-ABF7-A151A07205B6}.Release|Win32.Build.0 = Release|Win32
		{EF69CBD8-6CF3-452C-ABF7-A151A07205B6}.Release|x64.ActiveCfg = Release|x64
		{EF69CBD8-6CF3-452C-ABF7-A151A07205B6}.Release|x64.Build.0 = Release|x64
		{681D63D7-B529-4F2D-BCCD-6C3782508629}.Debug|Win32.ActiveCfg = Debug|Win32
		{681D63D7-B529-4F2D-BCCD-6C3782508629}.Debug|Win32.Build.0 = Debug|Win32
		{681D63D7-B529-4F2D-BCCD-6C3782508629}.Debug|x64.ActiveCfg = Debug|x64
		{681D63D7-B529-4F2D-BCCD-6C3782508629}.Debug|x64.Build.0 = Debug|x64
		{681D63D7-B529-4F2D-BCCD-6C3782508629}.Release|Win32.ActiveCfg = Release|Win32
		{681D63D7-B529-4F2D-BCCD-6C3782508629}.Release|Win32.Build.0 = Release|Win32
		{681D63D7-B529-4F2D-BCCD-6C3782508629}.Release|x64.ActiveCfg = Release|x64
		{681D63D7-B529-4F2D-BCCD-6C3782508629}.Release|x64.Build.0 = Release|x64
		{1B2F29EE-CC68-4C8D-8D16-1B0BAEC59C56}.Debug|Win32.ActiveCfg = Debug|Win32
		{1B2F29EE-CC68-4C8D-8D16-1B0BAEC59C56}.Debug|Win32.Build.0 = Debug|Win32
		{1B2F29EE-CC68-4C8D-8D16-1B0BAEC59C56}.Debug|x64.ActiveCfg = Debug|x64
		{1B2F29EE-CC68-4C8D-8D16-1B0BAEC59C56}.Debug|x64.Build.0 = Debug|x64
		{1B2F29EE-CC68-4C8D-8D16-1B0BAEC59C56}.Release|Win32.ActiveCfg = Release|Win32
		{1B2F29EE-CC68-4C8D-8D16-1B0BAEC59C56}.Release|Win32.Build.0 = Release|Win32
		{1B2F29EE-CC68-4C8D-8D16-1B0BAEC59C56}.Release|x64.ActiveCfg = Release|x64
		{1B2F29EE-CC68-4C8D-8D16-1B0BAEC59C56}.Release|x64.Build.0 = Release|x64
		{6FCBAC18-98D3-41FB-8609-5458A00FF3B2}.Debug|Win32.ActiveCfg = Debug|Win32
		{6FCBAC18-98D3-41FB-8609-5458A00FF3B2}.Debug|Win32.Build.0 = Debug|Win32
		{6FCBAC18-98D3-41FB-8609-5458A00FF3B2}.Debug|x64.ActiveCfg = Debug|x64
		{6FCBAC18-98D3-41FB-8609-5458A00FF3B2}.Debug|x64.Build.0 = Debug|x64
		{6FCBAC18-98D3-41FB-8609-5458A00FF3B2}.Release|Win32.ActiveCfg = Release|Win32
		{6FCBAC18-98D3-41FB-8609-5458A00FF3B2}.Release|Win32.Build.0 = Release|Win32
		{6FCBAC18-98D3-41FB-8609-5458A00FF3B2}.Release|x64.ActiveCfg = Release|x64
		{6FCBAC18-98D3-41FB-8609-5458A00FF3B2}.Release|x64.Build.0 = Release|x64
		{0C533EA0-56E5-47A4-AF2F-FB3C6144D7A2}.Debug|Win32.ActiveCfg = Debug|Win32
		{0C533EA0-56E5-47A4-AF2F-FB3C6144D7A2}.Debug|Win32.Build.0 = Debug|Win32
		{0C533EA0-56E5-47A4-AF2F-FB3C6144D7A2}.Debug|x64.ActiveCfg = Debug|x64
		{0C533EA0-56E5-47A4-AF2F-FB3C6144D7A2}.Debug|x64.Build.0 = Debug|x64
		{0C533EA0-56E5-47A4-AF2F-FB3C6144D7A2}.Release|Win32.ActiveCfg = Release|Win32
		{0C533EA0-56E5-47A4-AF2F-FB3C6144D7A2}.Release|Win32.Build.0 = Release|Win32
		{0C533EA0-56E5-47A4-AF2F-FB3C6144D7A2}.Release|x64.ActiveCfg = Release|x64
		{0C533EA0-56E5-47A4-AF2F-FB3C6144D7A2}.Release|x64.Build.0 = Release|x64
		{55108CD0-87C8-4FF1-8D24-CBDAAFED509A}.Debug|Win32.ActiveCfg = Debug|Win32
		{55108CD0-87C8-4FF1-8D24-CBDAAFED509A}.Debug|Win32.Build.0 = Debug|Win32
		{55108CD0-87C8-4FF1-8D24-CBDAAFED509A}.Debug|x64.ActiveCfg = Debug|x64
		{55108CD0-87C8-4FF1-8D24-CBDAAFED509A}.Debug|x64.Build.0 = Debug|x64
		{55108CD0-87C8-4FF1-8D24-CBDAAFED509A}.Release|Win32.ActiveCfg = Release|Win32
		{55108CD0-87C8-4FF1-8D24-CBDAAFED509A}.Release|Win32.Build.0 = Release|Win32
		{55108CD0-87C8-4FF1-8D24-CBDAAFED509A}.Release|x64.ActiveCfg = Release|x64
		{55108CD0-87C8-4FF1-8D24-CBDAAFED509A}.Release|x64.Build.0 = Release|x64
		{A205F797-F1F3-4224-B25B-018CC9648218}.Debug|Win32.ActiveCfg = Debug|Win32
		{A205F797-F1F3-4224-B25B-018CC9648218}.Debug|Win32.Build.0 = Debug|Win32
		{A205F797-F1F3-4224-B25B-018CC9648218}.Debug|x64.ActiveCfg = Debug|x64
		{A205F797-F1F3-4224-B25B-018CC9648218}.Debug|x64.Build.0 = Debug|x64
		{A205F797-F1F3-4224-B25B-018CC9648218}.Release|Win32.ActiveCfg = Release|Win32
		{A205F797-F1F3-4224-B25B-018CC9648218}.Release|Win32.Build.0 = Release|Win32
		{A205F797-F1F3-4224-B25B-018CC9648218}.Release|x64.ActiveCfg = Release|x64
		{A205F797-F1F3-4224-B25B-018CC9648218}.Release|x64.Build.0 = Release|x64
		{D18D8E80-01CD-4B71-B62F-5F45B125DBE1}.Debug|Win32.ActiveCfg = Debug|Win32
		{D18D8E80-01CD-4B71-B62F-5F45B125DBE1}.Debug|Win32.Build.0 = Debug|Win32
		{D18D8E80-01CD-4B71-B62F-5F45B125DBE1}.Debug|x64.ActiveCfg = Debug|x64
		{D18D8E80-01CD-4B71-B62F-5F45B125DBE1}.Debug|x64.Build.0 = Debug|x64
		{D18D8E80-01CD-4B71-B62F-5F45B125DBE1}.Release|Win32.ActiveCfg = Release|Win32
		{D18D8E80-01CD-4B71-B62F-5F45B125DBE1}.Release|Win32.Build.0 = Release|Win32
		{D18D8E80-01CD-4B71-B62F-5F45B125DBE1}.Release|x64.ActiveCfg = Release|x64
		{D18D8E80-01CD-4B71-B62F-5F45B125DBE1}.Release|x64.Build.0 = Release|x64
		{4B822E43-CF19-4EAC-8B68-F98127B82CE4}.Debug|Win32.ActiveCfg = Debug|Win32
		{4B822E43-CF19-4EAC-8B68-F98127B82CE4}.Debug|Win32.Build.0 = Debug|Win32
		{4B822E43-CF19-4EAC-8B68-F98127B82CE4}.Debug|x64.ActiveCfg = Debug|x64
		{4B822E43-CF19-4EAC-8B68-F98127B82CE4}.Debug|x64.Build.0 = Debug|x64
		{4B822E43-CF19-4EAC-8B68-F98127B82CE4}.Release|Win32.ActiveCfg = Release|Win32
		{4B822E43-CF19-4EAC-8B68-F98127B82CE4}.Release|Win32.Build.0 = Release|Win32
		{4B822E43-CF19-4EAC-8B68-F98127B82CE4}.Release|x64.ActiveCfg = Release|x64
		{4B822E43-CF19-4EAC-8B68-F98127B82CE4}.Release|x64.Build.0 = Release|x64
		{1EAD62F0-0FAE-401C-8C4D-0DB6E398448C}.Debug|Win32.ActiveCfg = Debug|Win32
		{1EAD62F0-0FAE-401C-8C4D-0DB6E398448C}.Debug|Win32.Build.0 = Debug|Win32
		{1EAD62F0-0FAE-401C-8C4D-0DB6E398448C}.Debug|x64.ActiveCfg = Debug|x64
		{1EAD62F0-0FAE-401C-8C4D-0DB6E398448C}.Debug|x64.Build.0 = Debug|x64
		{1EAD62F0-0FAE-401C-8C4D-0DB6E398448C}.Release|Win32.ActiveCfg = Release|Win32
		{1EAD62F0-0FAE-401C-8C4D-0DB6E398448C}.Release|Win32.Build.0 = Release|Win32
		{1EAD62F0-0FAE-401C-8C4D-0DB6E398448C}.Release|x64.ActiveCfg = Release|x64
		{1EAD62F0-0FAE-401C-8C4D-0DB6E398448C}.Release|x64.Build.0 = Release|x64
		{1FAD3820-09ED-4C25-8136-1DF6D4DC0248}.Debug|Win32.ActiveCfg = Debug|Win32
		{1FAD3820-09ED-4C25-8136-1DF6D4DC0248}.Debug|Win32.Build.0 = Debug|Win32
		{1FAD3820-09ED-4C25-8136-1DF6D4DC0248}.Debug|x64.ActiveCfg = Debug|x64
		{1FAD3820-09ED-4C25-8136-1DF6D4DC0248}.Debug|x64.Build.0 = Debug|x64
		{1FAD3820-09ED-4C25-8136-1DF6D4DC0248}.Release|Win32.ActiveCfg = Release|Win32
		{1FAD3820-09ED-4C25-8136-1DF6D4DC0248}.Release|Win32.Build.0 = Release|Win32
		{1FAD3820-09ED-4C25-8136-1DF6D4DC0248}.Release|x64.ActiveCfg = Release|x64
		{1FAD3820-09ED-4C25-8136-1DF6D4DC0248}.Release|x64.Build.0 = Release|x64
		{A1F7A4B0-C572-40AC-8303-AE86EE0309E0}.Debug|Win32.ActiveCfg = Debug|Win32
		{A1F7A4B0-C572-40AC-8303-AE86EE0309E0}.Debug|Win32.Build.0 = Debug|Win32
		{A1F7A4B0-C572-40AC-8303-AE86EE0309E0}.Debug|x64.ActiveCfg = Debug|x64
		{A1F7A4B0-C572-40AC-8303-AE86EE0309E0}.Debug|x64.Build.0 = Debug|x64
		{A1F7A4B0-C572-40AC-8303-AE86EE0309E0}.Release|Win32.ActiveCfg = Release|Win32
		{A1F7A4B0-C572-40AC-8303-AE86EE0309E0}.Release|Win32.Build.0 = Release|Win32
		{A1F7A4B0-C572-40AC-8303-AE86EE0309E0}.Release|x64.ActiveCfg = Release|x64
		{A1F7A4B0-C572-40AC-8303-AE86EE0309E0}.Release|x64.Build.0 = Release|x64
		{09635CA1-799C-4213-8CDB-F5AA1A3CB866}.Debug|Win32.ActiveCfg = Debug|Win32
		{09635CA1-799C-4213-8CDB-F5AA1A3CB866}.Debug|Win32.Build.0 = Debug|Win32
		{09635CA1-799C-4213-8CDB-F5AA1A3CB866}.Debug|x64.ActiveCfg = Debug|x64
		{09635CA1-799C-4213-8CDB-F5AA1A3CB866}.Debug|x64.Build.0 = Debug|x64
		{09635CA1-799C-4213-8CDB-F5AA1A3CB866}.Release|Win32.ActiveCfg = Release|Win32
		{09635CA1-799C-4213-8CDB-F5AA1A3CB866}.Release|Win32.Build.0 = Release|Win32
		{09635CA1-799C-4213-8CDB-F5AA1A3CB866}.Release|x64.ActiveCfg = Release|x64
		{09635CA1-799C-4213-8CDB-F5AA1A3CB866}.Release|x64.Build.0 = Release|x64
		{1651075B-E538-4E7B-A1F2-60C1155FA11C}.Debug|Win32.ActiveCfg = Debug|Win32
		{1651075B-E538-4E7B-A1F2-60C1155FA11C}.Debug|Win32.Build.0 = Debug|Win32
		{1651075B-E538-4E7B-A1F2-60C1155FA11C}.Debug|x64.ActiveCfg = Debug|x64
		{1651075B-E538-4E7B-A1F2-60C1155FA11C}.Debug|x64.Build.0 = Debug|x64
		{1651075B-E538-4E7B-A1F2-60C1155FA11C}.Release|Win32.ActiveCfg = Release|Win32
		{1651075B-E538-4E7B-A1F2-60C1155FA11C}.Release|Win32.Build.0 = Release|Win32
		{1651075B-E538-4E7B-A1F2-60C1155FA11C}.Release|x64.ActiveCfg = Release|x64
		{1651075B-E538-4E7B-A1F2-60C1155FA11C}.Release|x64.Build.0 = Release|x64
		{EA1610AA-CD3D-48D3-93DA-6C5C4455B5D7}.Debug|Win32.ActiveCfg = Debug|Win32
		{EA1610AA-CD3D-48D3-93DA-6C5C4455B5D7}.Debug|Win32.Build.0 = Debug|Win32
		{EA1610AA-CD3D-48D3-93DA-6C5C4455B5D7}.Debug|x64.ActiveCfg = Debug|x64
		{EA1610AA-CD3D-48D3-93DA-6C5C4455B5D7}.Debug|x64.Build.0 = Debug|x64
		{EA1610AA-CD3D-48D3-93DA-6C5C4455B5D7}.Release|Win32.ActiveCfg = Release|Win32
		{EA1610AA-CD3D-48D3-93DA-6C5C4455B5D7}.Release|Win32.Build.0 = Release|Win32
		{EA1610AA-CD3D-48D3-93DA-6C5C4455B5D7}.Release|x64.ActiveCfg = Release|x64
		{EA1610AA-CD3D-48D3-93DA-6C5C4455B5D7}.Release|x64.Build.0 = Release|x64
		{2786C665-A3F1-4529-BB99-2002D6F9DC3D}.Debug|Win32.ActiveCfg = Debug|Win32
		{2786C665-A3F1-4529-BB99-2002D6F9DC3D}.Debug|Win32.Build.0 = Debug|Win32
		{2786C665-A3F1-4529-BB99-2002D6F9DC3D}.Debug|x64.ActiveCfg = Debug|x64
		{2786C665-A3F1-4529-BB99-2002D6F9DC3D}.Debug|x64.Build.0 = Debug|x64
		{2786C665-A3F1-4529-BB99-2002D6F9DC3D}.Release|Win32.ActiveCfg = Release|Win32
		{2786C665-A3F1-4529-BB99-2002D6F9DC3D}.Release|Win32.Build.0 = Release|Win32
		{2786C665-A3F1-4529-BB99-2002D6F9DC3D}.Release|x64.ActiveCfg = Release|x64
		{2786C665-A3F1-4529-BB99-2002D6F9DC3D}.Release|x64.Build.0 = Release|x64
		{84FFBD17-B4E3-454E-A1AA-9B7ACC8E710B}.Debug|Win32.ActiveCfg = Debug|Win32
		{84FFBD17-B4E3-454E-A1AA-9B7ACC8E710B}.Debug|Win32.Build.0 = Debug|Win32
		{84FFBD17-B4E3-454E-A1AA-9B7ACC8E710B}.Debug|x64.ActiveCfg = Debug|x64
		{84FFBD17-B4E3-454E-A1AA-9B7ACC8E710B}.Debug|x64.Build.0 = Debug|x64
		{84FFBD17-B4E3-454E-A1AA-9B7ACC8E710B}.Release|Win32.ActiveCfg = Release|Win32
		{84FFBD17-B4E3-454E-A1AA-9B7ACC8E710B}.Release|Win32.Build.0 = Release|Win32
		{84FFBD17-B4E3-454E-A1AA-9B7ACC8E710B}.Release|x64.ActiveCfg = Release|x64
		{84FFBD17-B4E3-454E-A1AA-9B7ACC8E710B}.Release|x64.Build.0 = Release|x64
		{35A1E983-95A0-4BF8-AFE4-3370900DC2B7}.Debug|Win32.ActiveCfg = Debug|Win32
		{35A1E983-95A0-4BF8-AFE4-3370900DC2B7}.Debug|Win32.Build.0 = Debug|Win32
		{35A1E983-95A0-4BF8-AFE4-3370900DC2B7}.Debug|x64.ActiveCfg = Debug|x64
		{35A1E983-95A0-4BF8-AFE4-3370900DC2B7}.Debug|x64.Build.0 = Debug|x64
		{35A1E983-95A0-4BF8-AFE4-3370900DC2B7}.Release|Win32.ActiveCfg = Release|Win32
		{35A1E983-95A0-4BF8-AFE4-3370900DC2B7}.Release|Win32.Build.0 = Release|Win32
		{35A1E983-95A0-4BF8-AFE4-3370900DC2B7}.Release|x64.ActiveCfg = Release|x64
		{35A1E983-95A0-4BF8-AFE4-3370900DC2B7}.Release|x64.Build.0 = Release|x64
		{84B7D724-7E2F-44A6-A49D-4D073D8F8964}.Debug|Win32.ActiveCfg = Debug|Win32
		{84B7D724-7E2F-44A6-A49D-4D073D8F8964}.Debug|Win32.Build.0 = Debug|Win32
		{84B7D724-7E2F-44A6-A49D-4D073D8F8964}.Debug|x64.ActiveCfg = Debug|x64
		{84B7D724-7E2F-44A6-A49D-4D073D8F8964}.Debug|x64.Build.0 = Debug|x64
		{84B7D724-7E2F-44A6-A49D-4D073D8F8964}.Release|Win32.ActiveCfg = Release|Win32
		{84B7D724-7E2F-44A6-A49D-4D073D8F8964}.Release|Win32.Build.0 = Release|Win32
		{84B7D724-7E2F-44A6-A49D-4D073D8F8964}.Release|x64.ActiveCfg = Release|x64
		{84B7D724-7E2F-44A6-A49D-4D073D8F8964}.Release|x64.Build.0 = Release|x64
		{969DEC5F-B74F-4977-8097-C5A6F686623F}.Debug|Win32.ActiveCfg = Debug|Win32
		{969DEC5F-B74F-4977-8097-C5A6F686623F}.Debug|Win32.Build.0 = Debug|Win32
		{969DEC5F-B74F-4977-8097-C5A6F686623F}.Debug|x64.ActiveCfg = Debug|x64
		{969DEC5F-B74F-4977-8097-C5A6F686623F}.Debug|x64.Build.0 = Debug|x64
		{969DEC5F-B74F-4977-8097-C5A6F686623F}.Release|Win32.ActiveCfg = Release|Win32
		{969DEC5F-B74F-4977-8097-C5A6F686623F}.Release|Win32.Build.0 = Release|Win32
		{969DEC5F-B74F-4977-8097-C5A6F686623F}.Release|x64.ActiveCfg = Release|x64
		{969DEC5F-B74F-4977-8097-C5A6F686623F}.Release|x64.Build.0 = Release|x64
		{970DB570-6EEF-4FBF-A19C-77168ED5FDEF}.Debug|Win32.ActiveCfg = Debug|Win32
		{970DB570-6EEF-4FBF-A19C-77168ED5FDEF}.Debug|Win32.Build.0 = Debug|Win32
		{970DB570-6EEF-4FBF-A19C-77168ED5FDEF}.Debug|x64.ActiveCfg = Debug|x64
		{970DB570-6EEF-4FBF-A19C-77168ED5FDEF}.Debug|x64.Build.0 = Debug|x64
		{970DB570-6EEF-4FBF-A19C-77168ED5FDEF}.Release|Win32.ActiveCfg = Release|Win32
		{970DB570-6EEF-4FBF-A19C-77168ED5FDEF}.Release|Win32.Build.0 = Release|Win32
		{970DB570-6EEF-4FBF-A19C-77168ED5FDEF}.Release|x64.ActiveCfg = Release|x64
		{970DB570-6EEF-4FBF-A19C-77168ED5FDEF}.Release|x64.Build.0 = Release|x64
		{2D914802-A38F-48C4-AB37-C2AB0E763523}.Debug|Win32.ActiveCfg = Debug|Win32
		{2D914802-A38F-48C4-AB37-C2AB0E763523}.Debug|Win32.Build.0 = Debug|Win32
		{2D914802-A38F-48C4-AB37-C2AB0E763523}.Debug|x64.ActiveCfg = Debug|x64
		{2D914802-A38F-48C4-AB37-C2AB0E763523}.Debug|x64.Build.0 = Debug|x64
		{2D914802-A38F-48C4-AB37-C2AB0E763523}.Release|Win32.ActiveCfg = Release|Win32
		{2D914802-A38F-48C4-AB37-C2AB0E763523}.Release|Win32.Build.0 = Release|Win32
		{2D914802-A38F-48C4-AB37-C2AB0E763523}.Release|x64.ActiveCfg = Release|x64
		{2D914802-A38F-48C4-AB37-C2AB0E763523}.Release|x64.Build.0 = Release|x64
		{B43099BE-35EB-44A2-AFDA-2643412684C2}.Debug|Win32.ActiveCfg = Debug|Win32
		{B43099BE-35EB-44A2-AFDA-2643412684C2}.Debug|Win32.Build.0 = Debug|Win32
		{B43099BE-35EB-44A2-AFDA-2643412684C2}.Debug|x64.ActiveCfg = Debug|x64
		{B43099BE-35EB-44A2-AFDA-2643412684C2}.Debug|x64.Build.0 = Debug|x64
		{B43099BE-35EB-44A2-AFDA-2643412684C2}.Release|Win32.ActiveCfg = Release|Win32
		{B43099BE-35EB-44A2-AFDA-2643412684C2}.Release|Win32.Build.0 = Release|Win32
		{B43099BE-35EB-44A2-AFDA-2643412684C2}.Release|x64.ActiveCfg = Release|x64
		{B43099BE-35EB-44A2-AFDA-2643412684C2}.Release|x64.Build.0 = Release|x64
		{65D459DB-3A8D-4A0C-AF51-4DF1AE6DE3C2}.Debug|Win32.ActiveCfg = Debug|Win32
		{65D459DB-3A8D-4A0C-AF51-4DF1AE6DE3C2}.Debug|Win32.Build.0 = Debug|Win32
		{65D459DB-3A8D-4A0C-AF51-4DF1AE6DE3C2}.Debug|x64.ActiveCfg = Debug|x64
		{65D459DB-3A8D-4A0C-AF51-4DF1AE6DE3C2}.Debug|x64.Build.0 = Debug|x64
		{65D459DB-3A8D-4A0C-AF51-4DF1AE6DE3C2}.Release|Win32.ActiveCfg = Release|Win32
		{65D459DB-3A8D-4A0C-AF51-4DF1AE6DE3C2}.Release|Win32.Build.0 = Release|Win32
		{65D459DB-3A8D-4A0C-AF51-4DF1AE6DE3C2}.Release|x64.ActiveCfg = Release|x64
		{65D459DB-3A8D-4A0C-AF51-4DF1AE6DE3C2}.Release|x64.Build.0 = Release|x64
		{B4E4EF23-088C-48AC-A94E-00442EEA77E9}.Debug|Win32.ActiveCfg = Debug|Win32
		{B4E4EF23-088C-48AC-A94E-00442EEA77E9}.Debug|Win32.Build.0 = Debug|Win32
		{B4E4EF23-088C-48AC-A94E-00442EEA77E9}.Debug|x64.ActiveCfg = Debug|x64
		{B4E4EF23-088C-48AC-A94E-00442EEA77E9}.Debug|x64.Build.0 = Debug|x64
		{B4E4EF23-088C-48AC-A94E-00442EEA77E9}.Release|Win32.ActiveCfg = Release|Win32
		{B4E4EF23-088C-48AC-A94E-00442EEA77E9}.Release|Win32.Build.0 = Release|Win32
		{B4E4EF23-088C-48AC-A94E-00442EEA77E9}.Release|x64.ActiveCfg = Release|x64
		{B4E4EF23-088C-48AC-A94E-00442EEA77E9}.Release|x64.Build.0 = Release|x64
		{80C004A6-880A-43F5-BD66-BED6783E5F6A}.Debug|Win32.ActiveCfg = Debug|Win32
		{80C004A6-880A-43F5-BD66-BED6783E5F6A}.Debug|Win32.Build.0 = Debug|Win32
		{80C004A6-880A-43F5-BD66-BED6783E5F6A}.Debug|x64.ActiveCfg = Debug|x64
		{80C004A6-880A-43F5-BD66-BED6783E5F6A}.Debug|x64.Build.0 = Debug|x64
		{80C004A6-880A-43F5-BD66-BED6783E5F6A}.Release|Win32.ActiveCfg = Release|Win32
		{80C004A6-880A-43F5-BD66-BED6783E5F6A}.Release|Win32.Build.0 = Release|Win32
		{80C004A6-880A-43F5-BD66-BED6783E5F6A}.Release|x64.ActiveCfg = Release|x64
		{80C004A6-880A-43F5-BD66-BED6783E5F6A}.Release|x64.Build.0 = Release|x64
		{9B16449D-BEFB-427D-9542-F8359AAB6239}.Debug|Win32.ActiveCfg = Debug|Win32
		{9B16449D-BEFB-427D-9542-F8359AAB6239}.Debug|Win32.Build.0 = Debug|Win32
		{9B16449D-BEFB-427D-9542-F8359AAB6239}.Debug|x64.ActiveCfg = Debug|x64
		{9B16449D-BEFB-427D-9542-F8359AAB6239}.Debug|x64.Build.0 = Debug|x64
		{9B16449D-BEFB-427D-9542-F8359AAB6239}.Release|Win32.ActiveCfg = Release|Win32
		{9B16449D-BEFB-427D-9542-F8359AAB6239}.Release|Win32.Build.0 = Release|Win32
		{9B16449D-BEFB-427D-9542-F8359AAB6239}.Release|x64.ActiveCfg = Release|x64
		{9B16449D-BEFB-427D-9542-F8359AAB6239}.Release|x64.Build.0 = Release|x64
		{1C556286-7E71-4BE3-A4BA-D6CD8B72391D}.Debug|Win32.ActiveCfg = Debug|Win32
		{1C556286-7E71-4BE3-A4BA-D6CD8B72391D}.Debug|Win32.Build.0 = Debug|Win32
		{1C556286-7E71-4BE3-A4BA-D6CD8B72391D}.Debug|x64.ActiveCfg = Debug|x64
		{1C556286-7E71-4BE3-A4BA-D6CD8B72391D}.Debug|x64.Build.0 = Debug|x64
		{1C556286-7E71-4BE3-A4BA-D6CD8B72391D}.Release|Win32.ActiveCfg = Release|Win32
		{1C556286-7E71-4BE3-A4BA-D6CD8B72391D}.Release|Win32.Build.0 = Release|Win32
		{1C556286-7E71-4BE3-A4BA-D6CD8B72391D}.Release|x64.ActiveCfg = Release|x64
		{1C556286-7E71-4BE3-A4BA-D6CD8B72391D}.Release|x64.Build.0 = Release|x64
		{A6FB6B83-1FAE-4E13-A427-DD5DA8B44F38}.Debug|Win32.ActiveCfg = Debug|Win32
		{A6FB6B83-1FAE-4E13-A427-DD5DA8B44F38}.Debug|Win32.Build.0 = Debug|Win32
		{A6FB6B83-1FAE-4E13-A427-DD5DA8B44F38}.Debug|x64.ActiveCfg = Debug|x64
		{A6FB6B83-1FAE-4E13-A427-DD5DA8B44F38}.Debug|x64.Build.0 = Debug|x64
		{A6FB6B83-1FAE-4E13-A427-DD5DA8B44F38}.Release|Win32.ActiveCfg = Release|Win32
		{A6FB6B83-1FAE-4E13-A427-DD5DA8B44F38}.Release|Win32.Build.0 = Release|Win32
		{A6FB6B83-1FAE-4E13-A427-DD5DA8B44F38}.Release|x64.ActiveCfg = Release|x64
		{A6FB6B83-1FAE-4E13-A427-DD5DA8B44F38}.Release|x64.Build.0 = Release|x64
		{994F0566-29ED-44BE-B914-3CCEBF806116}.Debug|Win32.ActiveCfg = Debug|Win32
		{994F0566-29ED-44BE-B914-3CCEBF806116}.Debug|Win32.Build.0 = Debug|Win32
		{994F0566-29ED-44BE-B914-3CCEBF806116}.Debug|x64.ActiveCfg = Debug|x64
		{994F0566-29ED-44BE-B914-3CCEBF806116}.Debug|x64.Build.0 = Debug|x64
		{994F0566-29ED-44BE-B914-3CCEBF806116}.Release|Win32.ActiveCfg = Release|Win32
		{994F0566-29ED-44BE-B914-3CCEBF806116}.Release|Win32.Build.0 = Release|Win32
		{994F0566-29ED-44BE-B914-3CCEBF806116}.Release|x64.ActiveCfg = Release|x64
		{994F0566-29ED-44BE-B914-3CCEBF806116}.Release|x64.Build.0 = Release|x64
		{11CA8EA9-16B6-4797-822B-19CD8C39E683}.Debug|Win32.ActiveCfg = Debug|Win32
		{11CA8EA9-16B6-4797-822B-19CD8C39E683}.Debug|Win32.Build.0 = Debug|Win32
		{11CA8EA9-16B6-4797-822B-19CD8C39E683}.Debug|x64.ActiveCfg = Debug|x64
		{11CA8EA9-16B6-4797-822B-19CD8C39E683}.Debug|x64.Build.0 = Debug|x64
		{11CA8EA9-16B6-4797-822B-19CD8C39E683}.Release|Win32.ActiveCfg = Release|Win32
		{11CA8EA9-16B6-4797-822B-19CD8C39E683}.Release|Win32.Build.0 = Release|Win32
		{11CA8EA9-16B6-4797-822B-19CD8C39E683}.Release|x64.ActiveCfg = Release|x64
		{11CA8EA9-16B6-4797-822B-19CD8C39E683}.Release|x64.Build.0 = Release|x64
		{09931916-34C4-4EB6-A20B-8AC1246965A8}.Debug|Win32.ActiveCfg = Debug|Win32
		{09931916-34C4-4EB6-A20B-8AC1246965A8}.Debug|Win32.Build.0 = Debug|Win32
		{09931916-34C4-4EB6-A20B-8AC1246965A8}.Debug|x64.ActiveCfg = Debug|x64
		{09931916-34C4-4EB6-A20B-8AC1246965A8}.Debug|x64.Build.0 = Debug|x64
		{09931916-34C4-4EB6-A20B-8AC1246965A8}.Release|Win32.ActiveCfg = Release|Win32
		{09931916-34C4-4EB6-A20B-8AC1246965A8}.Release|Win32.Build.0 = Release|Win32
		{09931916-34C4-4EB6-A20B-8AC1246965A8}.Release|x64.ActiveCfg = Release|x64
		{09931916-34C4-4EB6-A20B-8AC1246965A8}.Release|x64.Build.0 = Release|x64
		{AA9FE87E-9C1B-40FC-8657-1CF39805C2D6}.Debug|Win32.ActiveCfg = Debug|Win32
		{AA9FE87E-9C1B-40FC-8657-1CF39805C2D6}.Debug|Win32.Build.0 = Debug|Win32
		{AA9FE87E-9C1B-40FC-8657-1CF39805C2D6}.Debug|x64.ActiveCfg = Debug|x64
		{AA9FE87E-9C1B-40FC-8657-1CF39805C2D6}.Debug|x64.Build.0 = Debug|x64
		{AA9FE87E-9C1B-40FC-8657-1CF39805C2D6}.Release|Win32.ActiveCfg = Release|Win32
		{AA9FE87E-9C1B-40FC-8657-1CF39805C2D6}.Release|Win32.Build.0 = Release|Win32
		{AA9FE87E-9C1B-40FC-8657-1CF39805C2D6}.Release|x64.ActiveCfg = Release|x64
		{AA9FE87E-9C1B-40FC-8657-1CF39805C2D6}.Release|x64.Build.0 = Release|x64
		{52EEFB1F-CD9C-41C3-A2F7-40DACB3EBFAA}.Debug|Win32.ActiveCfg = Debug|Win32
		{52EEFB1F-CD9C-41C3-A2F7-40DACB3EBFAA}.Debug|Win32.Build.0 = Debug|Win32
		{52EEFB1F-CD9C-41C3-A2F7-40DACB3EBFAA}.Debug|x64.ActiveCfg = Debug|x64
		{52EEFB1F-CD9C-41C3-A2F7-40DACB3EBFAA}.Debug|x64.Build.0 = Debug|x64
		{52EEFB1F-CD9C-41C3-A2F7-40DACB3EBFAA}.Release|Win32.ActiveCfg = Release|Win32
		{52EEFB1F-CD9C-41C3-A2F7-40DACB3EBFAA}.Release|Win32.Build.0 = Release|Win32
		{52EEFB1F-CD9C-41C3-A2F7-40DACB3EBFAA}.Release|x64.ActiveCfg = Release|x64
		{52EEFB1F-CD9C-41C3-A2F7-40DACB3EBFAA}.Release|x64.Build.0 = Release|x64
		{43F69717-4515-404D-AE7C-2139881EA003}.Debug|Win32.ActiveCfg = Debug|Win32
		{43F69717-4515-404D-AE7C-2139881EA003}.Debug|Win32.Build.0 = Debug|Win32
		{43F69717-4515-404D-AE7C-2139881EA003}.Debug|x64.ActiveCfg = Debug|x64
		{43F69717-4515-404D-AE7C-2139881EA003}.Debug|x64.Build.0 = Debug|x64
		{43F69717-4515-404D-AE7C-2139881EA003}.Release|Win32.ActiveCfg = Release|Win32
		{43F69717-4515-404D-AE7C-2139881EA003}.Release|Win32.Build.0 = Release|Win32
		{43F69717-4515-404D-AE7C-2139881EA003}.Release|x64.ActiveCfg = Release|x64
		{43F69717-4515-404D-AE7C-2139881EA003}.Release|x64.Build.0 = Release|x64
		{F1B0A150-2123-471A-8777-6CFDD2F99B3F}.Debug|Win32.ActiveCfg = Debug|Win32
		{F1B0A150-2123-471A-8777-6CFDD2F99B3F}.Debug|Win32.Build.0 = Debug|Win32
		{F1B0A150-2123-471A-8777-6CFDD2F99B3F}.Debug|x64.ActiveCfg = Debug|x64
		{F1B0A150-2123-471A-8777-6CFDD2F99B3F}.Debug|x64.Build.0 = Debug|x64
		{F1B0A150-2123-471A-8777-6CFDD2F99B3F}.Release|Win32.ActiveCfg = Release|Win32
		{F1B0A150-2123-471A-8777-6CFDD2F99B3F}.Release|Win32.Build.0 = Release|Win32
		{F1B0A150-2123-471A-8777-6CFDD2F99B3F}.Release|x64.ActiveCfg = Release|x64
		{F1B0A150-2123-471A-8777-6CFDD2F99B3F}.Release|x64.Build.0 = Release|x64
		{E2A98EA5-7850-43F8-A753-3A9D23904D8A}.Debug|Win32.ActiveCfg = Debug|Win32
		{E2A98EA5-7850-43F8-A753-3A9D23904D8A}.Debug|Win32.Build.0 = Debug|Win32
		{E2A98EA5-7850-43F8-A753-3A9D23904D8A}.Debug|x64.ActiveCfg = Debug|x64
		{E2A98EA5-7850-43F8-A753-3A9D23904D8A}.Debug|x64.Build.0 = Debug|x64
		{E2A98EA5-7850-43F8-A753-3A9D23904D8A}.Release|Win32.ActiveCfg = Release|Win32
		{E2A98EA5-7850-43F8-A753-3A9D23904D8A}.Release|Win32.Build.0 = Release|Win32
		{E2A98EA5-7850-43F8-A753-3A9D23904D8A}.Release|x64.ActiveCfg = Release|x64
		{E2A98EA5-7850-43F8-A753-3A9D23904D8A}.Release|x64.Build.0 = Release|x64
		{F1C14119-89C1-44FD-915E-8B4B43D72A0E}.Debug|Win32.ActiveCfg = Debug|Win32
		{F1C14119-89C1-44FD-915E-8B4B43D72A0E}.Debug|Win32.Build.0 = Debug|Win32
		{F1C14119-89C1-44FD-915E-8B4B43D72A0E}.Debug|x64.ActiveCfg = Debug|x64
		{F1C14119-89C1-44FD-915E-8B4B43D72A0E}.Debug|x64.Build.0 = Debug|x64
		{F1C14119-89C1-44FD-915E-8B4B43D72A0E}.Release|Win32.ActiveCfg = Release|Win32
		{F1C14119-89C1-44FD-915E-8B4B43D72A0E}.Release|Win32.Build.0 = Release|Win32
		{F1C14119-89C1-44FD-915E-8B4B43D72A0E}.Release|x64.ActiveCfg = Release|x64
		{F1C14119-89C1-44FD-915E-8B4B43D72A0E}.Release|x64.Build.0 = Release|x64
		{54C05E92-A55E-4CEF-8500-DAF09C4A3BC2}.Debug|Win32.ActiveCfg = Debug|Win32
		{54C05E92-A55E-4CEF-8500-DAF09C4A3BC2}.Debug|Win32.Build.0 = Debug|Win32
		{54C05E92-A55E-4CEF-8500-DAF09C4A3BC2}.Debug|x64.ActiveCfg = Debug|x64
		{54C05E92-A55E-4CEF-8500-DAF09C4A3BC2}.Debug|x64.Build.0 = Debug|x64
		{54C05E92-A55E-4CEF-8500-DAF09C4A3BC2}.Release|Win32.ActiveCfg = Release|Win32
		{54C05E92-A55E-4CEF-8500-DAF09C4A3BC2}.Release|Win32.Build.0 = Release|Win32
		{54C05E92-A55E-4CEF-8500-DAF09C4A3BC2}.Release|x64.ActiveCfg = Release|x64
		{54C05E92-A55E-4CEF-8500-DAF09C4A3BC2}.Release|x64.Build.0 = Release|x64
		{1EF7521C-5854-4F55-B8B9-8314172E263D}.Debug|Win32.ActiveCfg = Debug|Win32
		{1EF7521C-5854-4F55-B8B9-8314172E263D}.Debug|Win32.Build.0 = Debug|Win32
		{1EF7521C-5854-4F55-B8B9-8314172E263D}.Debug|x64.ActiveCfg = Debug|x64
		{1EF7521C-5854-4F55-B8B9-8314172E263D}.Debug|x64.Build.0 = Debug|x64
		{1EF7521C-5854-4F55-B8B9-8314172E263D}.Release|Win32.ActiveCfg = Release|Win32
		{1EF7521C-5854-4F55-B8B9-8314172E263D}.Release|Win32.Build.0 = Release|Win32
		{1EF7521C-5854-4F55-B8B9-8314172E263D}.Release|x64.ActiveCfg = Release|x64
		{1EF7521C-5854-4F55-B8B9-8314172E263D}.Release|x64.Build.0 = Release|x64
		{3C9E1855-52B5-435E-9599-85C8C2D80D8F}.Debug|Win32.ActiveCfg = Debug|Win32
		{3C9E1855-52B5-435E-9599-85C8C2D80D8F}.Debug|Win32.Build.0 = Debug|Win32
		{3C9E1855-52B5-435E-9599-85C8C2D80D8F}.Debug|x64.ActiveCfg = Debug|x64
		{3C9E1855-52B5-435E-9599-85C8C2D80D8F}.Debug|x64.Build.0 = Debug|x64
		{3C9E1855-52B5-435E-9599-85C8C2D80D8F}.Release|Win32.ActiveCfg = Release|Win32
		{3C9E1855-52B5-435E-9599-85C8C2D80D8F}.Release|Win32.Build.0 = Release|Win32
		{3C9E1855-52B5-435E-9599-85C8C2D80D8F}.Release|x64.ActiveCfg = Release|x64
		{3C9E1855-52B5-435E-9599-85C8C2D80D8F}.Release|x64.Build.0 = Release|x64
		{D9A6C892-1BFD-4E72-8A5C-3A6D6F9626B7}.Debug|Win32.ActiveCfg = Debug|Win32
		{D9A6C892-1BFD-4E72-8A5C-3A6D6F9626B7}.Debug|Win32.Build.0 = Debug|Win32
		{D9A6C892-1BFD-4E72-8A5C-3A6D6F9626B7}.Debug|x64.ActiveCfg = Debug|x64
		{D9A6C892-1BFD-4E72-8A5C-3A6D6F9626B7}.Debug|x64.Build.0 = Debug|x64
		{D9A6C892-1BFD-4E72-8A5C-3A6D6F9626B7}.Release|Win32.ActiveCfg = Release|Win32
		{D9A6C892-1BFD-4E72-8A5C-3A6D6F9626B7}.Release|Win32.Build.0 = Release|Win32
		{D9A6C892-1BFD-4E72-8A5C-3A6D6F9626B7}.Release|x64.ActiveCfg = Release|x64
		{D9A6C892-1BFD-4E72-8A5C-3A6D6F9626B7}.Release|x64.Build.0 = Release|x64
		{9B809487-5EF5-4359-B745-525A0A779468}.Debug|Win32.ActiveCfg = Debug|Win32
		{9B809487-5EF5-4359-B745-525A0A779468}.Debug|Win32.Build.0 = Debug|Win32
		{9B809487-5EF5-4359-B745-525A0A779468}.Debug|x64.ActiveCfg = Debug|x64
		{9B809487-5EF5-4359-B745-525A0A779468}.Debug|x64.Build.0 = Debug|x64
		{9B809487-5EF5-4359-B745-525A0A779468}.Release|Win32.ActiveCfg = Release|Win32
		{9B809487-5EF5-4359-B745-525A0A779468}.Release|Win32.Build.0 = Release|Win32
		{9B809487-5EF5-4359-B745-525A0A779468}.Release|x64.ActiveCfg = Release|x64
		{9B809487-5EF5-4359-B745-525A0A779468}.Release|x64.Build.0 = Release|x64
		{C347378D-AE8A-467F-96FC-D00038D1F75C}.Debug|Win32.ActiveCfg = Debug|Win32
		{C347378D-AE8A-467F-96FC-D00038D1F75C}.Debug|Win32.Build.0 = Debug|Win32
		{C347378D-AE8A-467F-96FC-D00038D1F75C}.Debug|x64.ActiveCfg = Debug|x64
		{C347378D-AE8A-467F-96FC-D00038D1F75C}.Debug|x64.Build.0 = Debug|x64
		{C347378D-AE8A-467F-96FC-D00038D1F75C}.Release|Win32.ActiveCfg = Release|Win32
		{C347378D-AE8A-467F-96FC-D00038D1F75C}.Release|Win32.Build.0 = Release|Win32
		{C347378D-AE8A-467F-96FC-D00038D1F75C}.Release|x64.ActiveCfg = Release|x64
		{C347378D-AE8A-467F-96FC-D00038D1F75C}.Release|x64.Build.0 = Release|x64
		{CD4BAF6D-6605-4BB4-B52F-27D376B0678D}.Debug|Win32.ActiveCfg = Debug|Win32
		{CD4BAF6D-6605-4BB4-B52F-27D376B0678D}.Debug|Win32.Build.0 = Debug|Win32
		{CD4BAF6D-6605-4BB4-B52F-27D376B0678D}.Debug|x64.ActiveCfg = Debug|x64
		{CD4BAF6D-6605-4BB4-B52F-27D376B0678D}.Debug|x64.Build.0 = Debug|x64
		{CD4BAF6D-6605-4BB4-B52F-27D376B0678D}.Release|Win32.ActiveCfg = Release|Win32
		{CD4BAF6D-6605-4BB4-B52F-27D376B0678D}.Release|Win32.Build.0 = Release|Win32
		{CD4BAF6D-6605-4BB4-B52F-27D376B0678D}.Release|x64.ActiveCfg = Release|x64
		{CD4BAF6D-6605-4BB4-B52F-27D376B0678D}.Release|x64.Build.0 = Release|x64
		{869659CF-AEFC-4F7C-B8C4-5011A6AAF8F1}.Debug|Win32.ActiveCfg = Debug|Win32
		{869659CF-AEFC-4F7C-B8C4-5011A6AAF8F1}.Debug|Win32.Build.0 = Debug|Win32
		{869659CF-AEFC-4F7C-B8C4-5011A6AAF8F1}.Debug|x64.ActiveCfg = Debug|x64
		{869659CF-AEFC-4F7C-B8C4-5011A6AAF8F1}.Debug|x64.Build.0 = Debug|x64
		{869659CF-AEFC-4F7C-B8C4-5011A6AAF8F1}.Release|Win32.ActiveCfg = Release|Win32
		{869659CF-AEFC-4F7C-B8C4-5011A6AAF8F1}.Release|Win32.Build.0 = Release|Win32
		{869659CF-AEFC-4F7C-B8C4-5011A6AAF8F1}.Release|x64.ActiveCfg = Release|x64
		{869659CF-AEFC-4F7C-B8C4-5011A6AAF8F1}.Release|x64.Build.0 = Release|x64
		{DF0D97B6-1F83-4C16-96C0-27C345591DD4}.Debug|Win32.ActiveCfg = Debug|Win32
		{DF0D97B6-1F83-4C16-96C0-27C345591DD4}.Debug|Win32.Build.0 = Debug|Win32
		{DF0D97B6-1F83-4C16-96C0-27C345591DD4}.Debug|x64.ActiveCfg = Debug|x64
		{DF0D97B6-1F83-4C16-96C0-27C345591DD4}.Debug|x64.Build.0 = Debug|x64
		{DF0D97B6-1F83-4C16-96C0-27C345591DD4}.Release|Win32.ActiveCfg = Release|Win32
		{DF0D97B6-1F83-4C16-96C0-27C345591DD4}.Release|Win32.Build.0 = Release|Win32
		{DF0D97B6-1F83-4C16-96C0-27C345591DD4}.Release|x64.ActiveCfg = Release|x64
		{DF0D97B6-1F83-4C16-96C0-27C345591DD4}.Release|x64.Build.0 = Release|x64
		{FE58CC23-FB77-4C32-A6AA-C75BD31F1634}.Debug|Win32.ActiveCfg = Debug|Win32
		{FE58CC23-FB77-4C32-A6AA-C75BD31F1634}.Debug|Win32.Build.0 = Debug|Win32
		{FE58CC23-FB77-4C32-A6AA-C75BD31F1634}.Debug|x64.ActiveCfg = Debug|x64
		{FE58CC23-FB77-4C32-A6AA-C75BD31F1634}.Debug|x64.Build.0 = Debug|x64
		{FE58CC23-FB77-4C32-A6AA-C75BD31F1634}.Release|Win32.ActiveCfg = Release|Win32
		{FE58CC23-FB77-4C32-A6AA-C75BD31F1634}.Release|Win32.Build.0 = Release|Win32
		{FE58CC23-FB77-4C32-A6AA-C75BD31F1634}.Release|x64.ActiveCfg = Release|x64
		{FE58CC23-FB77-4C32-A6AA-C75BD31F1634}.Release|x64.Build.0 = Release|x64
		{0B00A2D9-FA3A-4146-8ADB-8CD6AEF510B2}.Debug|Win32.ActiveCfg = Debug|Win32
		{0B00A2D9-FA3A-4146-8ADB-8CD6AEF510B2}.Debug|Win32.Build.0 = Debug|Win32
		{0B00A2D9-FA3A-4146-8ADB-8CD6AEF510B2}.Debug|x64.ActiveCfg = Debug|x64
		{0B00A2D9-FA3A-4146-8ADB-8CD6AEF510B2}.Debug|x64.Build.0 = Debug|x64
		{0B00A2D9-FA3A-4146-8ADB-8CD6AEF510B2}.Release|Win32.ActiveCfg = Release|Win32
		{0B00A2D9-FA3A-4146-8ADB-8CD6AEF510B2}.Release|Win32.Build.0 = Release|Win32
		{0B00A2D9-FA3A-4146-8ADB-8CD6AEF510B2}.Release|x64.ActiveCfg = Release|x64
		{0B00A2D9-FA3A-4146-8ADB-8CD6AEF510B2}.Release|x64.Build.0 = Release|x64
		{80B744FB-767C-4F3E-BC16-BA8E8FA59320}.Debug|Win32.ActiveCfg = Debug|Win32
		{80B744FB-767C-4F3E-BC16-BA8E8FA59320}.Debug|Win32.Build.0 = Debug|Win32
		{80B744FB-767C-4F3E-BC16-BA8E8FA59320}.Debug|x64.ActiveCfg = Debug|x64
		{80B744FB-767C-4F3E-BC16-BA8E8FA59320}.Debug|x64.Build.0 = Debug|x64
		{80B744FB-767C-4F3E-BC16-BA8E8FA59320}.Release|Win32.ActiveCfg = Release|Win32
		{80B744FB-767C-4F3E-BC16-BA8E8FA59320}.Release|Win32.Build.0 = Release|Win32
		{80B744FB-767C-4F3E-BC16-BA8E8FA59320}.Release|x64.ActiveCfg = Release|x64
		{80B744FB-767C-4F3E-BC16-BA8E8FA59320}.Release|x64.Build.0 = Release|x64
		{85569AB7-6BD6-415B-8F3A-FA0ED0294046}.Debug|Win32.ActiveCfg = Debug|Win32
		{85569AB7-6BD6-415B-8F3A-FA0ED0294046}.Debug|Win32.Build.0 = Debug|Win32
		{85569AB7-6BD6-415B-8F3A-FA0ED0294046}.Debug|x64.ActiveCfg = Debug|x64
		{85569AB7-6BD6-415B-8F3A-FA0ED0294046}.Debug|x64.Build.0 = Debug|x64
		{85569AB7-6BD6-415B-8F3A-FA0ED0294046}.Release|Win32.ActiveCfg = Release|Win32
		{85569AB7-6BD6-415B-8F3A-FA0ED0294046}.Release|Win32.Build.0 = Release|Win32
		{85569AB7-6BD6-415B-8F3A-FA0ED0294046}.Release|x64.ActiveCfg = Release|x64
		{85569AB7-6BD6-415B-8F3A-FA0ED0294046}.Release|x64.Build.0 = Release|x64
	EndGlobalSection
	GlobalSection(SolutionProperties) = preSolution
		HideSolutionNode = FALSE
	EndGlobalSection
	GlobalSection(ExtensibilityGlobals) = postSolution
		SolutionGuid = {88555BED-1420-4ED8-881F-F8BE88CC13EE}
	EndGlobalSection
EndGlobal
